<?xml version="1.0" encoding="utf-8"?>
<Project ToolsVersion="4.0" xmlns="http://schemas.microsoft.com/developer/msbuild/2003">
  <ItemGroup>
    <Filter Include="Source Files">
      <UniqueIdentifier>{4FC737F1-C7A5-4376-A066-2A32D752A2FF}</UniqueIdentifier>
      <Extensions>cpp;c;cc;cxx;def;odl;idl;hpj;bat;asm;asmx</Extensions>
    </Filter>
    <Filter Include="Header Files">
      <UniqueIdentifier>{93995380-89BD-4b04-88EB-625FBE52EBFB}</UniqueIdentifier>
      <Extensions>h;hh;hpp;hxx;hm;inl;inc;ipp;xsd</Extensions>
    </Filter>
    <Filter Include="Resource Files">
      <UniqueIdentifier>{67DA6AB6-F800-4c08-8B7A-83BB121AAD01}</UniqueIdentifier>
      <Extensions>rc;ico;cur;bmp;dlg;rc2;rct;bin;rgs;gif;jpg;jpeg;jpe;resx;tiff;tif;png;wav;mfcribbon-ms</Extensions>
    </Filter>
  </ItemGroup>
  <ItemGroup>
    <None Include=".gitignore" />
    <None Include=".gitmodules" />
    <None Include="LICENSE.md" />
    <None Include="README.md" />
    <None Include="dep\lpeg\lpeg-1.0.1\lpeg.html" />
    <None Include="dep\lpeg\lpeg-1.0.1\re.html" />
    <None Include="dep\lua\lua-5.3.4\doc\contents.html" />
    <None Include="dep\lua\lua-5.3.4\doc\manual.html" />
    <None Include="dep\lua\lua-5.3.4\doc\readme.html" />
    <None Include="dep\scintilla\scintilla-3.10.6\doc\Design.html" />
    <None Include="dep\scintilla\scintilla-3.10.6\doc\Icons.html" />
    <None Include="dep\scintilla\scintilla-3.10.6\doc\index.html" />
    <None Include="dep\scintilla\scintilla-3.10.6\doc\LPegLexer.html" />
    <None Include="dep\scintilla\scintilla-3.10.6\doc\Privacy.html" />
    <None Include="dep\scintilla\scintilla-3.10.6\doc\SciCoding.html" />
    <None Include="dep\scintilla\scintilla-3.10.6\doc\ScintillaDoc.html" />
    <None Include="dep\scintilla\scintilla-3.10.6\doc\ScintillaDownload.html" />
    <None Include="dep\scintilla\scintilla-3.10.6\doc\ScintillaHistory.html" />
    <None Include="dep\scintilla\scintilla-3.10.6\doc\ScintillaRelated.html" />
    <None Include="dep\scintilla\scintilla-3.10.6\doc\ScintillaToDo.html" />
    <None Include="dep\scintilla\scintilla-3.10.6\doc\ScintillaUsage.html" />
    <None Include="dep\scintilla\scintilla-3.10.6\doc\Steps.html" />
    <None Include="dep\scintilla\scintilla-3.10.6\doc\StyleMetadata.html" />
    <None Include="dep\scintilla\scintilla-3.10.6\lua\doc\manual.html" />
    <None Include="dep\scintilla\scintilla-3.10.6\test\examples\x.html" />
    <None Include="dep\scintilla\scintilla-3.10.6\win32\Scintilla.def">
      <Filter>Source Files</Filter>
    </None>
    <None Include="dep\scintilla\scintilla-3.10.6\LongTermDownload.html" />
  </ItemGroup>
  <ItemGroup>
    <Text Include="CMakeLists.txt" />
  </ItemGroup>
  <ItemGroup>
    <ClCompile Include="dep\lpeg\lpeg-1.0.1\lpcap.c">
      <Filter>Source Files</Filter>
    </ClCompile>
    <ClCompile Include="dep\lpeg\lpeg-1.0.1\lpcode.c">
      <Filter>Source Files</Filter>
    </ClCompile>
    <ClCompile Include="dep\lpeg\lpeg-1.0.1\lpprint.c">
      <Filter>Source Files</Filter>
    </ClCompile>
    <ClCompile Include="dep\lpeg\lpeg-1.0.1\lptree.c">
      <Filter>Source Files</Filter>
    </ClCompile>
    <ClCompile Include="dep\lpeg\lpeg-1.0.1\lpvm.c">
      <Filter>Source Files</Filter>
    </ClCompile>
    <ClCompile Include="dep\lua\lua-5.3.4\src\lapi.c">
      <Filter>Source Files</Filter>
    </ClCompile>
    <ClCompile Include="dep\lua\lua-5.3.4\src\lauxlib.c">
      <Filter>Source Files</Filter>
    </ClCompile>
    <ClCompile Include="dep\lua\lua-5.3.4\src\lbaselib.c">
      <Filter>Source Files</Filter>
    </ClCompile>
    <ClCompile Include="dep\lua\lua-5.3.4\src\lbitlib.c">
      <Filter>Source Files</Filter>
    </ClCompile>
    <ClCompile Include="dep\lua\lua-5.3.4\src\lcode.c">
      <Filter>Source Files</Filter>
    </ClCompile>
    <ClCompile Include="dep\lua\lua-5.3.4\src\lcorolib.c">
      <Filter>Source Files</Filter>
    </ClCompile>
    <ClCompile Include="dep\lua\lua-5.3.4\src\lctype.c">
      <Filter>Source Files</Filter>
    </ClCompile>
    <ClCompile Include="dep\lua\lua-5.3.4\src\ldblib.c">
      <Filter>Source Files</Filter>
    </ClCompile>
    <ClCompile Include="dep\lua\lua-5.3.4\src\ldebug.c">
      <Filter>Source Files</Filter>
    </ClCompile>
    <ClCompile Include="dep\lua\lua-5.3.4\src\ldo.c">
      <Filter>Source Files</Filter>
    </ClCompile>
    <ClCompile Include="dep\lua\lua-5.3.4\src\ldump.c">
      <Filter>Source Files</Filter>
    </ClCompile>
    <ClCompile Include="dep\lua\lua-5.3.4\src\lfunc.c">
      <Filter>Source Files</Filter>
    </ClCompile>
    <ClCompile Include="dep\lua\lua-5.3.4\src\lgc.c">
      <Filter>Source Files</Filter>
    </ClCompile>
    <ClCompile Include="dep\lua\lua-5.3.4\src\linit.c">
      <Filter>Source Files</Filter>
    </ClCompile>
    <ClCompile Include="dep\lua\lua-5.3.4\src\liolib.c">
      <Filter>Source Files</Filter>
    </ClCompile>
    <ClCompile Include="dep\lua\lua-5.3.4\src\llex.c">
      <Filter>Source Files</Filter>
    </ClCompile>
    <ClCompile Include="dep\lua\lua-5.3.4\src\lmathlib.c">
      <Filter>Source Files</Filter>
    </ClCompile>
    <ClCompile Include="dep\lua\lua-5.3.4\src\lmem.c">
      <Filter>Source Files</Filter>
    </ClCompile>
    <ClCompile Include="dep\lua\lua-5.3.4\src\loadlib.c">
      <Filter>Source Files</Filter>
    </ClCompile>
    <ClCompile Include="dep\lua\lua-5.3.4\src\lobject.c">
      <Filter>Source Files</Filter>
    </ClCompile>
    <ClCompile Include="dep\lua\lua-5.3.4\src\lopcodes.c">
      <Filter>Source Files</Filter>
    </ClCompile>
    <ClCompile Include="dep\lua\lua-5.3.4\src\loslib.c">
      <Filter>Source Files</Filter>
    </ClCompile>
    <ClCompile Include="dep\lua\lua-5.3.4\src\lparser.c">
      <Filter>Source Files</Filter>
    </ClCompile>
    <ClCompile Include="dep\lua\lua-5.3.4\src\lstate.c">
      <Filter>Source Files</Filter>
    </ClCompile>
    <ClCompile Include="dep\lua\lua-5.3.4\src\lstring.c">
      <Filter>Source Files</Filter>
    </ClCompile>
    <ClCompile Include="dep\lua\lua-5.3.4\src\lstrlib.c">
      <Filter>Source Files</Filter>
    </ClCompile>
    <ClCompile Include="dep\lua\lua-5.3.4\src\ltable.c">
      <Filter>Source Files</Filter>
    </ClCompile>
    <ClCompile Include="dep\lua\lua-5.3.4\src\ltablib.c">
      <Filter>Source Files</Filter>
    </ClCompile>
    <ClCompile Include="dep\lua\lua-5.3.4\src\ltm.c">
      <Filter>Source Files</Filter>
    </ClCompile>
    <ClCompile Include="dep\lua\lua-5.3.4\src\lua.c">
      <Filter>Source Files</Filter>
    </ClCompile>
    <ClCompile Include="dep\lua\lua-5.3.4\src\luac.c">
      <Filter>Source Files</Filter>
    </ClCompile>
    <ClCompile Include="dep\lua\lua-5.3.4\src\lundump.c">
      <Filter>Source Files</Filter>
    </ClCompile>
    <ClCompile Include="dep\lua\lua-5.3.4\src\lutf8lib.c">
      <Filter>Source Files</Filter>
    </ClCompile>
    <ClCompile Include="dep\lua\lua-5.3.4\src\lvm.c">
      <Filter>Source Files</Filter>
    </ClCompile>
    <ClCompile Include="dep\lua\lua-5.3.4\src\lzio.c">
      <Filter>Source Files</Filter>
    </ClCompile>
    <ClCompile Include="dep\scintilla\scintilla-3.10.6\curses\jinx\jinx.c">
      <Filter>Source Files</Filter>
    </ClCompile>
    <ClCompile Include="dep\scintilla\scintilla-3.10.6\curses\ScintillaCurses.cxx">
      <Filter>Source Files</Filter>
    </ClCompile>
    <ClCompile Include="dep\scintilla\scintilla-3.10.6\gtk\PlatGTK.cxx">
      <Filter>Source Files</Filter>
    </ClCompile>
    <ClCompile Include="dep\scintilla\scintilla-3.10.6\gtk\ScintillaGTK.cxx">
      <Filter>Source Files</Filter>
    </ClCompile>
    <ClCompile Include="dep\scintilla\scintilla-3.10.6\gtk\ScintillaGTKAccessible.cxx">
      <Filter>Source Files</Filter>
    </ClCompile>
    <ClCompile Include="dep\scintilla\scintilla-3.10.6\gtk\scintilla-marshal.c">
      <Filter>Source Files</Filter>
    </ClCompile>
    <ClCompile Include="dep\scintilla\scintilla-3.10.6\lexers\LexA68k.cxx">
      <Filter>Source Files</Filter>
    </ClCompile>
    <ClCompile Include="dep\scintilla\scintilla-3.10.6\lexers\LexAbaqus.cxx">
      <Filter>Source Files</Filter>
    </ClCompile>
    <ClCompile Include="dep\scintilla\scintilla-3.10.6\lexers\LexAda.cxx">
      <Filter>Source Files</Filter>
    </ClCompile>
    <ClCompile Include="dep\scintilla\scintilla-3.10.6\lexers\LexAPDL.cxx">
      <Filter>Source Files</Filter>
    </ClCompile>
    <ClCompile Include="dep\scintilla\scintilla-3.10.6\lexers\LexAsm.cxx">
      <Filter>Source Files</Filter>
    </ClCompile>
    <ClCompile Include="dep\scintilla\scintilla-3.10.6\lexers\LexAsn1.cxx">
      <Filter>Source Files</Filter>
    </ClCompile>
    <ClCompile Include="dep\scintilla\scintilla-3.10.6\lexers\LexASY.cxx">
      <Filter>Source Files</Filter>
    </ClCompile>
    <ClCompile Include="dep\scintilla\scintilla-3.10.6\lexers\LexAU3.cxx">
      <Filter>Source Files</Filter>
    </ClCompile>
    <ClCompile Include="dep\scintilla\scintilla-3.10.6\lexers\LexAVE.cxx">
      <Filter>Source Files</Filter>
    </ClCompile>
    <ClCompile Include="dep\scintilla\scintilla-3.10.6\lexers\LexAVS.cxx">
      <Filter>Source Files</Filter>
    </ClCompile>
    <ClCompile Include="dep\scintilla\scintilla-3.10.6\lexers\LexBaan.cxx">
      <Filter>Source Files</Filter>
    </ClCompile>
    <ClCompile Include="dep\scintilla\scintilla-3.10.6\lexers\LexBash.cxx">
      <Filter>Source Files</Filter>
    </ClCompile>
    <ClCompile Include="dep\scintilla\scintilla-3.10.6\lexers\LexBasic.cxx">
      <Filter>Source Files</Filter>
    </ClCompile>
    <ClCompile Include="dep\scintilla\scintilla-3.10.6\lexers\LexBatch.cxx">
      <Filter>Source Files</Filter>
    </ClCompile>
    <ClCompile Include="dep\scintilla\scintilla-3.10.6\lexers\LexBibTeX.cxx">
      <Filter>Source Files</Filter>
    </ClCompile>
    <ClCompile Include="dep\scintilla\scintilla-3.10.6\lexers\LexBullant.cxx">
      <Filter>Source Files</Filter>
    </ClCompile>
    <ClCompile Include="dep\scintilla\scintilla-3.10.6\lexers\LexCaml.cxx">
      <Filter>Source Files</Filter>
    </ClCompile>
    <ClCompile Include="dep\scintilla\scintilla-3.10.6\lexers\LexCIL.cxx">
      <Filter>Source Files</Filter>
    </ClCompile>
    <ClCompile Include="dep\scintilla\scintilla-3.10.6\lexers\LexCLW.cxx">
      <Filter>Source Files</Filter>
    </ClCompile>
    <ClCompile Include="dep\scintilla\scintilla-3.10.6\lexers\LexCmake.cxx">
      <Filter>Source Files</Filter>
    </ClCompile>
    <ClCompile Include="dep\scintilla\scintilla-3.10.6\lexers\LexCOBOL.cxx">
      <Filter>Source Files</Filter>
    </ClCompile>
    <ClCompile Include="dep\scintilla\scintilla-3.10.6\lexers\LexCoffeeScript.cxx">
      <Filter>Source Files</Filter>
    </ClCompile>
    <ClCompile Include="dep\scintilla\scintilla-3.10.6\lexers\LexConf.cxx">
      <Filter>Source Files</Filter>
    </ClCompile>
    <ClCompile Include="dep\scintilla\scintilla-3.10.6\lexers\LexCPP.cxx">
      <Filter>Source Files</Filter>
    </ClCompile>
    <ClCompile Include="dep\scintilla\scintilla-3.10.6\lexers\LexCrontab.cxx">
      <Filter>Source Files</Filter>
    </ClCompile>
    <ClCompile Include="dep\scintilla\scintilla-3.10.6\lexers\LexCsound.cxx">
      <Filter>Source Files</Filter>
    </ClCompile>
    <ClCompile Include="dep\scintilla\scintilla-3.10.6\lexers\LexCSS.cxx">
      <Filter>Source Files</Filter>
    </ClCompile>
    <ClCompile Include="dep\scintilla\scintilla-3.10.6\lexers\LexD.cxx">
      <Filter>Source Files</Filter>
    </ClCompile>
    <ClCompile Include="dep\scintilla\scintilla-3.10.6\lexers\LexDiff.cxx">
      <Filter>Source Files</Filter>
    </ClCompile>
    <ClCompile Include="dep\scintilla\scintilla-3.10.6\lexers\LexDMAP.cxx">
      <Filter>Source Files</Filter>
    </ClCompile>
    <ClCompile Include="dep\scintilla\scintilla-3.10.6\lexers\LexDMIS.cxx">
      <Filter>Source Files</Filter>
    </ClCompile>
    <ClCompile Include="dep\scintilla\scintilla-3.10.6\lexers\LexECL.cxx">
      <Filter>Source Files</Filter>
    </ClCompile>
    <ClCompile Include="dep\scintilla\scintilla-3.10.6\lexers\LexEDIFACT.cxx">
      <Filter>Source Files</Filter>
    </ClCompile>
    <ClCompile Include="dep\scintilla\scintilla-3.10.6\lexers\LexEiffel.cxx">
      <Filter>Source Files</Filter>
    </ClCompile>
    <ClCompile Include="dep\scintilla\scintilla-3.10.6\lexers\LexErlang.cxx">
      <Filter>Source Files</Filter>
    </ClCompile>
    <ClCompile Include="dep\scintilla\scintilla-3.10.6\lexers\LexErrorList.cxx">
      <Filter>Source Files</Filter>
    </ClCompile>
    <ClCompile Include="dep\scintilla\scintilla-3.10.6\lexers\LexEScript.cxx">
      <Filter>Source Files</Filter>
    </ClCompile>
    <ClCompile Include="dep\scintilla\scintilla-3.10.6\lexers\LexFlagship.cxx">
      <Filter>Source Files</Filter>
    </ClCompile>
    <ClCompile Include="dep\scintilla\scintilla-3.10.6\lexers\LexForth.cxx">
      <Filter>Source Files</Filter>
    </ClCompile>
    <ClCompile Include="dep\scintilla\scintilla-3.10.6\lexers\LexFortran.cxx">
      <Filter>Source Files</Filter>
    </ClCompile>
    <ClCompile Include="dep\scintilla\scintilla-3.10.6\lexers\LexGAP.cxx">
      <Filter>Source Files</Filter>
    </ClCompile>
    <ClCompile Include="dep\scintilla\scintilla-3.10.6\lexers\LexGui4Cli.cxx">
      <Filter>Source Files</Filter>
    </ClCompile>
    <ClCompile Include="dep\scintilla\scintilla-3.10.6\lexers\LexHaskell.cxx">
      <Filter>Source Files</Filter>
    </ClCompile>
    <ClCompile Include="dep\scintilla\scintilla-3.10.6\lexers\LexHex.cxx">
      <Filter>Source Files</Filter>
    </ClCompile>
    <ClCompile Include="dep\scintilla\scintilla-3.10.6\lexers\LexHTML.cxx">
      <Filter>Source Files</Filter>
    </ClCompile>
    <ClCompile Include="dep\scintilla\scintilla-3.10.6\lexers\LexIndent.cxx">
      <Filter>Source Files</Filter>
    </ClCompile>
    <ClCompile Include="dep\scintilla\scintilla-3.10.6\lexers\LexInno.cxx">
      <Filter>Source Files</Filter>
    </ClCompile>
    <ClCompile Include="dep\scintilla\scintilla-3.10.6\lexers\LexJSON.cxx">
      <Filter>Source Files</Filter>
    </ClCompile>
    <ClCompile Include="dep\scintilla\scintilla-3.10.6\lexers\LexKix.cxx">
      <Filter>Source Files</Filter>
    </ClCompile>
    <ClCompile Include="dep\scintilla\scintilla-3.10.6\lexers\LexKVIrc.cxx">
      <Filter>Source Files</Filter>
    </ClCompile>
    <ClCompile Include="dep\scintilla\scintilla-3.10.6\lexers\LexLaTeX.cxx">
      <Filter>Source Files</Filter>
    </ClCompile>
    <ClCompile Include="dep\scintilla\scintilla-3.10.6\lexers\LexLisp.cxx">
      <Filter>Source Files</Filter>
    </ClCompile>
    <ClCompile Include="dep\scintilla\scintilla-3.10.6\lexers\LexLout.cxx">
      <Filter>Source Files</Filter>
    </ClCompile>
    <ClCompile Include="dep\scintilla\scintilla-3.10.6\lexers\LexLPeg.cxx">
      <Filter>Source Files</Filter>
    </ClCompile>
    <ClCompile Include="dep\scintilla\scintilla-3.10.6\lexers\LexLua.cxx">
      <Filter>Source Files</Filter>
    </ClCompile>
    <ClCompile Include="dep\scintilla\scintilla-3.10.6\lexers\LexMagik.cxx">
      <Filter>Source Files</Filter>
    </ClCompile>
    <ClCompile Include="dep\scintilla\scintilla-3.10.6\lexers\LexMake.cxx">
      <Filter>Source Files</Filter>
    </ClCompile>
    <ClCompile Include="dep\scintilla\scintilla-3.10.6\lexers\LexMarkdown.cxx">
      <Filter>Source Files</Filter>
    </ClCompile>
    <ClCompile Include="dep\scintilla\scintilla-3.10.6\lexers\LexMatlab.cxx">
      <Filter>Source Files</Filter>
    </ClCompile>
    <ClCompile Include="dep\scintilla\scintilla-3.10.6\lexers\LexMaxima.cxx">
      <Filter>Source Files</Filter>
    </ClCompile>
    <ClCompile Include="dep\scintilla\scintilla-3.10.6\lexers\LexMetapost.cxx">
      <Filter>Source Files</Filter>
    </ClCompile>
    <ClCompile Include="dep\scintilla\scintilla-3.10.6\lexers\LexMMIXAL.cxx">
      <Filter>Source Files</Filter>
    </ClCompile>
    <ClCompile Include="dep\scintilla\scintilla-3.10.6\lexers\LexModula.cxx">
      <Filter>Source Files</Filter>
    </ClCompile>
    <ClCompile Include="dep\scintilla\scintilla-3.10.6\lexers\LexMPT.cxx">
      <Filter>Source Files</Filter>
    </ClCompile>
    <ClCompile Include="dep\scintilla\scintilla-3.10.6\lexers\LexMSSQL.cxx">
      <Filter>Source Files</Filter>
    </ClCompile>
    <ClCompile Include="dep\scintilla\scintilla-3.10.6\lexers\LexMySQL.cxx">
      <Filter>Source Files</Filter>
    </ClCompile>
    <ClCompile Include="dep\scintilla\scintilla-3.10.6\lexers\LexNim.cxx">
      <Filter>Source Files</Filter>
    </ClCompile>
    <ClCompile Include="dep\scintilla\scintilla-3.10.6\lexers\LexNimrod.cxx">
      <Filter>Source Files</Filter>
    </ClCompile>
    <ClCompile Include="dep\scintilla\scintilla-3.10.6\lexers\LexNsis.cxx">
      <Filter>Source Files</Filter>
    </ClCompile>
    <ClCompile Include="dep\scintilla\scintilla-3.10.6\lexers\LexNull.cxx">
      <Filter>Source Files</Filter>
    </ClCompile>
    <ClCompile Include="dep\scintilla\scintilla-3.10.6\lexers\LexOpal.cxx">
      <Filter>Source Files</Filter>
    </ClCompile>
    <ClCompile Include="dep\scintilla\scintilla-3.10.6\lexers\LexOScript.cxx">
      <Filter>Source Files</Filter>
    </ClCompile>
    <ClCompile Include="dep\scintilla\scintilla-3.10.6\lexers\LexPascal.cxx">
      <Filter>Source Files</Filter>
    </ClCompile>
    <ClCompile Include="dep\scintilla\scintilla-3.10.6\lexers\LexPB.cxx">
      <Filter>Source Files</Filter>
    </ClCompile>
    <ClCompile Include="dep\scintilla\scintilla-3.10.6\lexers\LexPerl.cxx">
      <Filter>Source Files</Filter>
    </ClCompile>
    <ClCompile Include="dep\scintilla\scintilla-3.10.6\lexers\LexPLM.cxx">
      <Filter>Source Files</Filter>
    </ClCompile>
    <ClCompile Include="dep\scintilla\scintilla-3.10.6\lexers\LexPO.cxx">
      <Filter>Source Files</Filter>
    </ClCompile>
    <ClCompile Include="dep\scintilla\scintilla-3.10.6\lexers\LexPOV.cxx">
      <Filter>Source Files</Filter>
    </ClCompile>
    <ClCompile Include="dep\scintilla\scintilla-3.10.6\lexers\LexPowerPro.cxx">
      <Filter>Source Files</Filter>
    </ClCompile>
    <ClCompile Include="dep\scintilla\scintilla-3.10.6\lexers\LexPowerShell.cxx">
      <Filter>Source Files</Filter>
    </ClCompile>
    <ClCompile Include="dep\scintilla\scintilla-3.10.6\lexers\LexProgress.cxx">
      <Filter>Source Files</Filter>
    </ClCompile>
    <ClCompile Include="dep\scintilla\scintilla-3.10.6\lexers\LexProps.cxx">
      <Filter>Source Files</Filter>
    </ClCompile>
    <ClCompile Include="dep\scintilla\scintilla-3.10.6\lexers\LexPS.cxx">
      <Filter>Source Files</Filter>
    </ClCompile>
    <ClCompile Include="dep\scintilla\scintilla-3.10.6\lexers\LexPython.cxx">
      <Filter>Source Files</Filter>
    </ClCompile>
    <ClCompile Include="dep\scintilla\scintilla-3.10.6\lexers\LexR.cxx">
      <Filter>Source Files</Filter>
    </ClCompile>
    <ClCompile Include="dep\scintilla\scintilla-3.10.6\lexers\LexRebol.cxx">
      <Filter>Source Files</Filter>
    </ClCompile>
    <ClCompile Include="dep\scintilla\scintilla-3.10.6\lexers\LexRegistry.cxx">
      <Filter>Source Files</Filter>
    </ClCompile>
    <ClCompile Include="dep\scintilla\scintilla-3.10.6\lexers\LexRuby.cxx">
      <Filter>Source Files</Filter>
    </ClCompile>
    <ClCompile Include="dep\scintilla\scintilla-3.10.6\lexers\LexRust.cxx">
      <Filter>Source Files</Filter>
    </ClCompile>
    <ClCompile Include="dep\scintilla\scintilla-3.10.6\lexers\LexSAS.cxx">
      <Filter>Source Files</Filter>
    </ClCompile>
    <ClCompile Include="dep\scintilla\scintilla-3.10.6\lexers\LexScriptol.cxx">
      <Filter>Source Files</Filter>
    </ClCompile>
    <ClCompile Include="dep\scintilla\scintilla-3.10.6\lexers\LexSmalltalk.cxx">
      <Filter>Source Files</Filter>
    </ClCompile>
    <ClCompile Include="dep\scintilla\scintilla-3.10.6\lexers\LexSML.cxx">
      <Filter>Source Files</Filter>
    </ClCompile>
    <ClCompile Include="dep\scintilla\scintilla-3.10.6\lexers\LexSorcus.cxx">
      <Filter>Source Files</Filter>
    </ClCompile>
    <ClCompile Include="dep\scintilla\scintilla-3.10.6\lexers\LexSpecman.cxx">
      <Filter>Source Files</Filter>
    </ClCompile>
    <ClCompile Include="dep\scintilla\scintilla-3.10.6\lexers\LexSpice.cxx">
      <Filter>Source Files</Filter>
    </ClCompile>
    <ClCompile Include="dep\scintilla\scintilla-3.10.6\lexers\LexSQL.cxx">
      <Filter>Source Files</Filter>
    </ClCompile>
    <ClCompile Include="dep\scintilla\scintilla-3.10.6\lexers\LexStata.cxx">
      <Filter>Source Files</Filter>
    </ClCompile>
    <ClCompile Include="dep\scintilla\scintilla-3.10.6\lexers\LexSTTXT.cxx">
      <Filter>Source Files</Filter>
    </ClCompile>
    <ClCompile Include="dep\scintilla\scintilla-3.10.6\lexers\LexTACL.cxx">
      <Filter>Source Files</Filter>
    </ClCompile>
    <ClCompile Include="dep\scintilla\scintilla-3.10.6\lexers\LexTADS3.cxx">
      <Filter>Source Files</Filter>
    </ClCompile>
    <ClCompile Include="dep\scintilla\scintilla-3.10.6\lexers\LexTAL.cxx">
      <Filter>Source Files</Filter>
    </ClCompile>
    <ClCompile Include="dep\scintilla\scintilla-3.10.6\lexers\LexTCL.cxx">
      <Filter>Source Files</Filter>
    </ClCompile>
    <ClCompile Include="dep\scintilla\scintilla-3.10.6\lexers\LexTCMD.cxx">
      <Filter>Source Files</Filter>
    </ClCompile>
    <ClCompile Include="dep\scintilla\scintilla-3.10.6\lexers\LexTeX.cxx">
      <Filter>Source Files</Filter>
    </ClCompile>
    <ClCompile Include="dep\scintilla\scintilla-3.10.6\lexers\LexTxt2tags.cxx">
      <Filter>Source Files</Filter>
    </ClCompile>
    <ClCompile Include="dep\scintilla\scintilla-3.10.6\lexers\LexVB.cxx">
      <Filter>Source Files</Filter>
    </ClCompile>
    <ClCompile Include="dep\scintilla\scintilla-3.10.6\lexers\LexVerilog.cxx">
      <Filter>Source Files</Filter>
    </ClCompile>
    <ClCompile Include="dep\scintilla\scintilla-3.10.6\lexers\LexVHDL.cxx">
      <Filter>Source Files</Filter>
    </ClCompile>
    <ClCompile Include="dep\scintilla\scintilla-3.10.6\lexers\LexVisualProlog.cxx">
      <Filter>Source Files</Filter>
    </ClCompile>
    <ClCompile Include="dep\scintilla\scintilla-3.10.6\lexers\LexX12.cxx">
      <Filter>Source Files</Filter>
    </ClCompile>
    <ClCompile Include="dep\scintilla\scintilla-3.10.6\lexers\LexYAML.cxx">
      <Filter>Source Files</Filter>
    </ClCompile>
    <ClCompile Include="dep\scintilla\scintilla-3.10.6\lexlib\Accessor.cxx">
      <Filter>Source Files</Filter>
    </ClCompile>
    <ClCompile Include="dep\scintilla\scintilla-3.10.6\lexlib\CharacterCategory.cxx">
      <Filter>Source Files</Filter>
    </ClCompile>
    <ClCompile Include="dep\scintilla\scintilla-3.10.6\lexlib\CharacterSet.cxx">
      <Filter>Source Files</Filter>
    </ClCompile>
    <ClCompile Include="dep\scintilla\scintilla-3.10.6\lexlib\DefaultLexer.cxx">
      <Filter>Source Files</Filter>
    </ClCompile>
    <ClCompile Include="dep\scintilla\scintilla-3.10.6\lexlib\LexerBase.cxx">
      <Filter>Source Files</Filter>
    </ClCompile>
    <ClCompile Include="dep\scintilla\scintilla-3.10.6\lexlib\LexerModule.cxx">
      <Filter>Source Files</Filter>
    </ClCompile>
    <ClCompile Include="dep\scintilla\scintilla-3.10.6\lexlib\LexerNoExceptions.cxx">
      <Filter>Source Files</Filter>
    </ClCompile>
    <ClCompile Include="dep\scintilla\scintilla-3.10.6\lexlib\LexerSimple.cxx">
      <Filter>Source Files</Filter>
    </ClCompile>
    <ClCompile Include="dep\scintilla\scintilla-3.10.6\lexlib\PropSetSimple.cxx">
      <Filter>Source Files</Filter>
    </ClCompile>
    <ClCompile Include="dep\scintilla\scintilla-3.10.6\lexlib\StyleContext.cxx">
      <Filter>Source Files</Filter>
    </ClCompile>
    <ClCompile Include="dep\scintilla\scintilla-3.10.6\lexlib\WordList.cxx">
      <Filter>Source Files</Filter>
    </ClCompile>
    <ClCompile Include="dep\scintilla\scintilla-3.10.6\lua\src\lapi.c">
      <Filter>Source Files</Filter>
    </ClCompile>
    <ClCompile Include="dep\scintilla\scintilla-3.10.6\lua\src\lauxlib.c">
      <Filter>Source Files</Filter>
    </ClCompile>
    <ClCompile Include="dep\scintilla\scintilla-3.10.6\lua\src\lbaselib.c">
      <Filter>Source Files</Filter>
    </ClCompile>
    <ClCompile Include="dep\scintilla\scintilla-3.10.6\lua\src\lbitlib.c">
      <Filter>Source Files</Filter>
    </ClCompile>
    <ClCompile Include="dep\scintilla\scintilla-3.10.6\lua\src\lcode.c">
      <Filter>Source Files</Filter>
    </ClCompile>
    <ClCompile Include="dep\scintilla\scintilla-3.10.6\lua\src\lcorolib.c">
      <Filter>Source Files</Filter>
    </ClCompile>
    <ClCompile Include="dep\scintilla\scintilla-3.10.6\lua\src\lctype.c">
      <Filter>Source Files</Filter>
    </ClCompile>
    <ClCompile Include="dep\scintilla\scintilla-3.10.6\lua\src\ldblib.c">
      <Filter>Source Files</Filter>
    </ClCompile>
    <ClCompile Include="dep\scintilla\scintilla-3.10.6\lua\src\ldebug.c">
      <Filter>Source Files</Filter>
    </ClCompile>
    <ClCompile Include="dep\scintilla\scintilla-3.10.6\lua\src\ldo.c">
      <Filter>Source Files</Filter>
    </ClCompile>
    <ClCompile Include="dep\scintilla\scintilla-3.10.6\lua\src\ldump.c">
      <Filter>Source Files</Filter>
    </ClCompile>
    <ClCompile Include="dep\scintilla\scintilla-3.10.6\lua\src\lfunc.c">
      <Filter>Source Files</Filter>
    </ClCompile>
    <ClCompile Include="dep\scintilla\scintilla-3.10.6\lua\src\lgc.c">
      <Filter>Source Files</Filter>
    </ClCompile>
    <ClCompile Include="dep\scintilla\scintilla-3.10.6\lua\src\linit.c">
      <Filter>Source Files</Filter>
    </ClCompile>
    <ClCompile Include="dep\scintilla\scintilla-3.10.6\lua\src\liolib.c">
      <Filter>Source Files</Filter>
    </ClCompile>
    <ClCompile Include="dep\scintilla\scintilla-3.10.6\lua\src\llex.c">
      <Filter>Source Files</Filter>
    </ClCompile>
    <ClCompile Include="dep\scintilla\scintilla-3.10.6\lua\src\lmathlib.c">
      <Filter>Source Files</Filter>
    </ClCompile>
    <ClCompile Include="dep\scintilla\scintilla-3.10.6\lua\src\lmem.c">
      <Filter>Source Files</Filter>
    </ClCompile>
    <ClCompile Include="dep\scintilla\scintilla-3.10.6\lua\src\loadlib.c">
      <Filter>Source Files</Filter>
    </ClCompile>
    <ClCompile Include="dep\scintilla\scintilla-3.10.6\lua\src\lobject.c">
      <Filter>Source Files</Filter>
    </ClCompile>
    <ClCompile Include="dep\scintilla\scintilla-3.10.6\lua\src\lopcodes.c">
      <Filter>Source Files</Filter>
    </ClCompile>
    <ClCompile Include="dep\scintilla\scintilla-3.10.6\lua\src\loslib.c">
      <Filter>Source Files</Filter>
    </ClCompile>
    <ClCompile Include="dep\scintilla\scintilla-3.10.6\lua\src\lparser.c">
      <Filter>Source Files</Filter>
    </ClCompile>
    <ClCompile Include="dep\scintilla\scintilla-3.10.6\lua\src\lpcap.c">
      <Filter>Source Files</Filter>
    </ClCompile>
    <ClCompile Include="dep\scintilla\scintilla-3.10.6\lua\src\lpcode.c">
      <Filter>Source Files</Filter>
    </ClCompile>
    <ClCompile Include="dep\scintilla\scintilla-3.10.6\lua\src\lpprint.c">
      <Filter>Source Files</Filter>
    </ClCompile>
    <ClCompile Include="dep\scintilla\scintilla-3.10.6\lua\src\lptree.c">
      <Filter>Source Files</Filter>
    </ClCompile>
    <ClCompile Include="dep\scintilla\scintilla-3.10.6\lua\src\lpvm.c">
      <Filter>Source Files</Filter>
    </ClCompile>
    <ClCompile Include="dep\scintilla\scintilla-3.10.6\lua\src\lstate.c">
      <Filter>Source Files</Filter>
    </ClCompile>
    <ClCompile Include="dep\scintilla\scintilla-3.10.6\lua\src\lstring.c">
      <Filter>Source Files</Filter>
    </ClCompile>
    <ClCompile Include="dep\scintilla\scintilla-3.10.6\lua\src\lstrlib.c">
      <Filter>Source Files</Filter>
    </ClCompile>
    <ClCompile Include="dep\scintilla\scintilla-3.10.6\lua\src\ltable.c">
      <Filter>Source Files</Filter>
    </ClCompile>
    <ClCompile Include="dep\scintilla\scintilla-3.10.6\lua\src\ltablib.c">
      <Filter>Source Files</Filter>
    </ClCompile>
    <ClCompile Include="dep\scintilla\scintilla-3.10.6\lua\src\ltm.c">
      <Filter>Source Files</Filter>
    </ClCompile>
    <ClCompile Include="dep\scintilla\scintilla-3.10.6\lua\src\lundump.c">
      <Filter>Source Files</Filter>
    </ClCompile>
    <ClCompile Include="dep\scintilla\scintilla-3.10.6\lua\src\lutf8lib.c">
      <Filter>Source Files</Filter>
    </ClCompile>
    <ClCompile Include="dep\scintilla\scintilla-3.10.6\lua\src\lvm.c">
      <Filter>Source Files</Filter>
    </ClCompile>
    <ClCompile Include="dep\scintilla\scintilla-3.10.6\lua\src\lzio.c">
      <Filter>Source Files</Filter>
    </ClCompile>
    <ClCompile Include="dep\scintilla\scintilla-3.10.6\qt\ScintillaEdit\ScintillaDocument.cpp">
      <Filter>Source Files</Filter>
    </ClCompile>
    <ClCompile Include="dep\scintilla\scintilla-3.10.6\qt\ScintillaEditBase\PlatQt.cpp">
      <Filter>Source Files</Filter>
    </ClCompile>
    <ClCompile Include="dep\scintilla\scintilla-3.10.6\qt\ScintillaEditBase\ScintillaEditBase.cpp">
      <Filter>Source Files</Filter>
    </ClCompile>
    <ClCompile Include="dep\scintilla\scintilla-3.10.6\qt\ScintillaEditBase\ScintillaQt.cpp">
      <Filter>Source Files</Filter>
    </ClCompile>
    <ClCompile Include="dep\scintilla\scintilla-3.10.6\src\AutoComplete.cxx">
      <Filter>Source Files</Filter>
    </ClCompile>
    <ClCompile Include="dep\scintilla\scintilla-3.10.6\src\CallTip.cxx">
      <Filter>Source Files</Filter>
    </ClCompile>
    <ClCompile Include="dep\scintilla\scintilla-3.10.6\src\CaseConvert.cxx">
      <Filter>Source Files</Filter>
    </ClCompile>
    <ClCompile Include="dep\scintilla\scintilla-3.10.6\src\CaseFolder.cxx">
      <Filter>Source Files</Filter>
    </ClCompile>
    <ClCompile Include="dep\scintilla\scintilla-3.10.6\src\Catalogue.cxx">
      <Filter>Source Files</Filter>
    </ClCompile>
    <ClCompile Include="dep\scintilla\scintilla-3.10.6\src\CellBuffer.cxx">
      <Filter>Source Files</Filter>
    </ClCompile>
    <ClCompile Include="dep\scintilla\scintilla-3.10.6\src\CharClassify.cxx">
      <Filter>Source Files</Filter>
    </ClCompile>
    <ClCompile Include="dep\scintilla\scintilla-3.10.6\src\ContractionState.cxx">
      <Filter>Source Files</Filter>
    </ClCompile>
    <ClCompile Include="dep\scintilla\scintilla-3.10.6\src\DBCS.cxx">
      <Filter>Source Files</Filter>
    </ClCompile>
    <ClCompile Include="dep\scintilla\scintilla-3.10.6\src\Decoration.cxx">
      <Filter>Source Files</Filter>
    </ClCompile>
    <ClCompile Include="dep\scintilla\scintilla-3.10.6\src\Document.cxx">
      <Filter>Source Files</Filter>
    </ClCompile>
    <ClCompile Include="dep\scintilla\scintilla-3.10.6\src\EditModel.cxx">
      <Filter>Source Files</Filter>
    </ClCompile>
    <ClCompile Include="dep\scintilla\scintilla-3.10.6\src\Editor.cxx">
      <Filter>Source Files</Filter>
    </ClCompile>
    <ClCompile Include="dep\scintilla\scintilla-3.10.6\src\EditView.cxx">
      <Filter>Source Files</Filter>
    </ClCompile>
    <ClCompile Include="dep\scintilla\scintilla-3.10.6\src\ExternalLexer.cxx">
      <Filter>Source Files</Filter>
    </ClCompile>
    <ClCompile Include="dep\scintilla\scintilla-3.10.6\src\Indicator.cxx">
      <Filter>Source Files</Filter>
    </ClCompile>
    <ClCompile Include="dep\scintilla\scintilla-3.10.6\src\KeyMap.cxx">
      <Filter>Source Files</Filter>
    </ClCompile>
    <ClCompile Include="dep\scintilla\scintilla-3.10.6\src\LineMarker.cxx">
      <Filter>Source Files</Filter>
    </ClCompile>
    <ClCompile Include="dep\scintilla\scintilla-3.10.6\src\MarginView.cxx">
      <Filter>Source Files</Filter>
    </ClCompile>
    <ClCompile Include="dep\scintilla\scintilla-3.10.6\src\PerLine.cxx">
      <Filter>Source Files</Filter>
    </ClCompile>
    <ClCompile Include="dep\scintilla\scintilla-3.10.6\src\PositionCache.cxx">
      <Filter>Source Files</Filter>
    </ClCompile>
    <ClCompile Include="dep\scintilla\scintilla-3.10.6\src\RESearch.cxx">
      <Filter>Source Files</Filter>
    </ClCompile>
    <ClCompile Include="dep\scintilla\scintilla-3.10.6\src\RunStyles.cxx">
      <Filter>Source Files</Filter>
    </ClCompile>
    <ClCompile Include="dep\scintilla\scintilla-3.10.6\src\ScintillaBase.cxx">
      <Filter>Source Files</Filter>
    </ClCompile>
    <ClCompile Include="dep\scintilla\scintilla-3.10.6\src\Selection.cxx">
      <Filter>Source Files</Filter>
    </ClCompile>
    <ClCompile Include="dep\scintilla\scintilla-3.10.6\src\Style.cxx">
      <Filter>Source Files</Filter>
    </ClCompile>
    <ClCompile Include="dep\scintilla\scintilla-3.10.6\src\UniConversion.cxx">
      <Filter>Source Files</Filter>
    </ClCompile>
    <ClCompile Include="dep\scintilla\scintilla-3.10.6\src\UniqueString.cxx">
      <Filter>Source Files</Filter>
    </ClCompile>
    <ClCompile Include="dep\scintilla\scintilla-3.10.6\src\ViewStyle.cxx">
      <Filter>Source Files</Filter>
    </ClCompile>
    <ClCompile Include="dep\scintilla\scintilla-3.10.6\src\XPM.cxx">
      <Filter>Source Files</Filter>
    </ClCompile>
    <ClCompile Include="dep\scintilla\scintilla-3.10.6\test\examples\x.cxx">
      <Filter>Source Files</Filter>
    </ClCompile>
    <ClCompile Include="dep\scintilla\scintilla-3.10.6\test\unit\testCellBuffer.cxx">
      <Filter>Source Files</Filter>
    </ClCompile>
    <ClCompile Include="dep\scintilla\scintilla-3.10.6\test\unit\testCharClassify.cxx">
      <Filter>Source Files</Filter>
    </ClCompile>
    <ClCompile Include="dep\scintilla\scintilla-3.10.6\test\unit\testContractionState.cxx">
      <Filter>Source Files</Filter>
    </ClCompile>
    <ClCompile Include="dep\scintilla\scintilla-3.10.6\test\unit\testDecoration.cxx">
      <Filter>Source Files</Filter>
    </ClCompile>
    <ClCompile Include="dep\scintilla\scintilla-3.10.6\test\unit\testPartitioning.cxx">
      <Filter>Source Files</Filter>
    </ClCompile>
    <ClCompile Include="dep\scintilla\scintilla-3.10.6\test\unit\testRunStyles.cxx">
      <Filter>Source Files</Filter>
    </ClCompile>
    <ClCompile Include="dep\scintilla\scintilla-3.10.6\test\unit\testSparseState.cxx">
      <Filter>Source Files</Filter>
    </ClCompile>
    <ClCompile Include="dep\scintilla\scintilla-3.10.6\test\unit\testSparseVector.cxx">
      <Filter>Source Files</Filter>
    </ClCompile>
    <ClCompile Include="dep\scintilla\scintilla-3.10.6\test\unit\testSplitVector.cxx">
      <Filter>Source Files</Filter>
    </ClCompile>
    <ClCompile Include="dep\scintilla\scintilla-3.10.6\test\unit\testUniConversion.cxx">
      <Filter>Source Files</Filter>
    </ClCompile>
    <ClCompile Include="dep\scintilla\scintilla-3.10.6\test\unit\testWordList.cxx">
      <Filter>Source Files</Filter>
    </ClCompile>
    <ClCompile Include="dep\scintilla\scintilla-3.10.6\test\unit\unitTest.cxx">
      <Filter>Source Files</Filter>
    </ClCompile>
    <ClCompile Include="dep\scintilla\scintilla-3.10.6\test\unit\UnitTester.cxx">
      <Filter>Source Files</Filter>
    </ClCompile>
    <ClCompile Include="dep\scintilla\scintilla-3.10.6\win32\HanjaDic.cxx">
      <Filter>Source Files</Filter>
    </ClCompile>
    <ClCompile Include="dep\scintilla\scintilla-3.10.6\win32\PlatWin.cxx">
      <Filter>Source Files</Filter>
    </ClCompile>
    <ClCompile Include="dep\scintilla\scintilla-3.10.6\win32\ScintillaDLL.cxx">
      <Filter>Source Files</Filter>
    </ClCompile>
    <ClCompile Include="dep\scintilla\scintilla-3.10.6\win32\ScintillaWin.cxx">
      <Filter>Source Files</Filter>
    </ClCompile>
    <ClCompile Include="src\app\Application.cpp">
      <Filter>Source Files</Filter>
    </ClCompile>
    <ClCompile Include="src\app\CustomTheme.cpp">
      <Filter>Source Files</Filter>
    </ClCompile>
    <ClCompile Include="src\app\GitAhead.cpp">
      <Filter>Source Files</Filter>
    </ClCompile>
    <ClCompile Include="src\app\Theme.cpp">
      <Filter>Source Files</Filter>
    </ClCompile>
    <ClCompile Include="src\cli\Installer.cpp">
      <Filter>Source Files</Filter>
    </ClCompile>
    <ClCompile Include="src\cli\Installer_linux.cpp">
      <Filter>Source Files</Filter>
    </ClCompile>
    <ClCompile Include="src\conf\ConfFile.cpp">
      <Filter>Source Files</Filter>
    </ClCompile>
    <ClCompile Include="src\conf\RecentRepositories.cpp">
      <Filter>Source Files</Filter>
    </ClCompile>
    <ClCompile Include="src\conf\RecentRepository.cpp">
      <Filter>Source Files</Filter>
    </ClCompile>
    <ClCompile Include="src\conf\Settings.cpp">
      <Filter>Source Files</Filter>
    </ClCompile>
    <ClCompile Include="src\cred\Cache.cpp">
      <Filter>Source Files</Filter>
    </ClCompile>
    <ClCompile Include="src\cred\CredentialHelper.cpp">
      <Filter>Source Files</Filter>
    </ClCompile>
    <ClCompile Include="src\cred\GitCredential.cpp">
      <Filter>Source Files</Filter>
    </ClCompile>
    <ClCompile Include="src\cred\WinCred.cpp">
      <Filter>Source Files</Filter>
    </ClCompile>
    <ClCompile Include="src\dialogs\AboutDialog.cpp">
      <Filter>Source Files</Filter>
    </ClCompile>
    <ClCompile Include="src\dialogs\AccountDialog.cpp">
      <Filter>Source Files</Filter>
    </ClCompile>
    <ClCompile Include="src\dialogs\AddRemoteDialog.cpp">
      <Filter>Source Files</Filter>
    </ClCompile>
    <ClCompile Include="src\dialogs\BranchDelegate.cpp">
      <Filter>Source Files</Filter>
    </ClCompile>
    <ClCompile Include="src\dialogs\BranchTableModel.cpp">
      <Filter>Source Files</Filter>
    </ClCompile>
    <ClCompile Include="src\dialogs\CheckoutDialog.cpp">
      <Filter>Source Files</Filter>
    </ClCompile>
    <ClCompile Include="src\dialogs\CloneDialog.cpp">
      <Filter>Source Files</Filter>
    </ClCompile>
    <ClCompile Include="src\dialogs\CommitDialog.cpp">
      <Filter>Source Files</Filter>
    </ClCompile>
    <ClCompile Include="src\dialogs\ConfigDialog.cpp">
      <Filter>Source Files</Filter>
    </ClCompile>
    <ClCompile Include="src\dialogs\DeleteBranchDialog.cpp">
      <Filter>Source Files</Filter>
    </ClCompile>
    <ClCompile Include="src\dialogs\DeleteTagDialog.cpp">
      <Filter>Source Files</Filter>
    </ClCompile>
    <ClCompile Include="src\dialogs\DiffPanel.cpp">
      <Filter>Source Files</Filter>
    </ClCompile>
    <ClCompile Include="src\dialogs\ExternalToolsDialog.cpp">
      <Filter>Source Files</Filter>
    </ClCompile>
    <ClCompile Include="src\dialogs\ExternalToolsModel.cpp">
      <Filter>Source Files</Filter>
    </ClCompile>
    <ClCompile Include="src\dialogs\IconLabel.cpp">
      <Filter>Source Files</Filter>
    </ClCompile>
    <ClCompile Include="src\dialogs\MergeDialog.cpp">
      <Filter>Source Files</Filter>
    </ClCompile>
    <ClCompile Include="src\dialogs\NewBranchDialog.cpp">
      <Filter>Source Files</Filter>
    </ClCompile>
    <ClCompile Include="src\dialogs\PluginsPanel.cpp">
      <Filter>Source Files</Filter>
    </ClCompile>
    <ClCompile Include="src\dialogs\PullRequestDialog.cpp">
      <Filter>Source Files</Filter>
    </ClCompile>
    <ClCompile Include="src\dialogs\RemoteDialog.cpp">
      <Filter>Source Files</Filter>
    </ClCompile>
    <ClCompile Include="src\dialogs\RemoteTableModel.cpp">
      <Filter>Source Files</Filter>
    </ClCompile>
    <ClCompile Include="src\dialogs\SettingsDialog.cpp">
      <Filter>Source Files</Filter>
    </ClCompile>
    <ClCompile Include="src\dialogs\StartDialog.cpp">
      <Filter>Source Files</Filter>
    </ClCompile>
    <ClCompile Include="src\dialogs\SubmoduleDelegate.cpp">
      <Filter>Source Files</Filter>
    </ClCompile>
    <ClCompile Include="src\dialogs\SubmoduleTableModel.cpp">
      <Filter>Source Files</Filter>
    </ClCompile>
    <ClCompile Include="src\dialogs\TagDialog.cpp">
      <Filter>Source Files</Filter>
    </ClCompile>
    <ClCompile Include="src\dialogs\ThemeDialog.cpp">
      <Filter>Source Files</Filter>
    </ClCompile>
    <ClCompile Include="src\dialogs\UpdateSubmodulesDialog.cpp">
      <Filter>Source Files</Filter>
    </ClCompile>
    <ClCompile Include="src\editor\LexLPeg.cpp">
      <Filter>Source Files</Filter>
    </ClCompile>
    <ClCompile Include="src\editor\PlatQt.cpp">
      <Filter>Source Files</Filter>
    </ClCompile>
    <ClCompile Include="src\editor\ScintillaIFace.cpp">
      <Filter>Source Files</Filter>
    </ClCompile>
    <ClCompile Include="src\editor\ScintillaQt.cpp">
      <Filter>Source Files</Filter>
    </ClCompile>
    <ClCompile Include="src\editor\TextEditor.cpp">
      <Filter>Source Files</Filter>
    </ClCompile>
    <ClCompile Include="src\git\AnnotatedCommit.cpp">
      <Filter>Source Files</Filter>
    </ClCompile>
    <ClCompile Include="src\git\Blame.cpp">
      <Filter>Source Files</Filter>
    </ClCompile>
    <ClCompile Include="src\git\Blob.cpp">
      <Filter>Source Files</Filter>
    </ClCompile>
    <ClCompile Include="src\git\Branch.cpp">
      <Filter>Source Files</Filter>
    </ClCompile>
    <ClCompile Include="src\git\Buffer.cpp">
      <Filter>Source Files</Filter>
    </ClCompile>
    <ClCompile Include="src\git\Command.cpp">
      <Filter>Source Files</Filter>
    </ClCompile>
    <ClCompile Include="src\git\Commit.cpp">
      <Filter>Source Files</Filter>
    </ClCompile>
    <ClCompile Include="src\git\Config.cpp">
      <Filter>Source Files</Filter>
    </ClCompile>
    <ClCompile Include="src\git\Diff.cpp">
      <Filter>Source Files</Filter>
    </ClCompile>
    <ClCompile Include="src\git\Filter.cpp">
      <Filter>Source Files</Filter>
    </ClCompile>
    <ClCompile Include="src\git\FilterList.cpp">
      <Filter>Source Files</Filter>
    </ClCompile>
    <ClCompile Include="src\git\Id.cpp">
      <Filter>Source Files</Filter>
    </ClCompile>
    <ClCompile Include="src\git\Index.cpp">
      <Filter>Source Files</Filter>
    </ClCompile>
    <ClCompile Include="src\git\Object.cpp">
      <Filter>Source Files</Filter>
    </ClCompile>
    <ClCompile Include="src\git\Patch.cpp">
      <Filter>Source Files</Filter>
    </ClCompile>
    <ClCompile Include="src\git\Rebase.cpp">
      <Filter>Source Files</Filter>
    </ClCompile>
    <ClCompile Include="src\git\Reference.cpp">
      <Filter>Source Files</Filter>
    </ClCompile>
    <ClCompile Include="src\git\Remote.cpp">
      <Filter>Source Files</Filter>
    </ClCompile>
    <ClCompile Include="src\git\Repository.cpp">
      <Filter>Source Files</Filter>
    </ClCompile>
    <ClCompile Include="src\git\Result.cpp">
      <Filter>Source Files</Filter>
    </ClCompile>
    <ClCompile Include="src\git\RevWalk.cpp">
      <Filter>Source Files</Filter>
    </ClCompile>
    <ClCompile Include="src\git\Signature.cpp">
      <Filter>Source Files</Filter>
    </ClCompile>
    <ClCompile Include="src\git\Submodule.cpp">
      <Filter>Source Files</Filter>
    </ClCompile>
    <ClCompile Include="src\git\Tag.cpp">
      <Filter>Source Files</Filter>
    </ClCompile>
    <ClCompile Include="src\git\TagRef.cpp">
      <Filter>Source Files</Filter>
    </ClCompile>
    <ClCompile Include="src\git\Tree.cpp">
      <Filter>Source Files</Filter>
    </ClCompile>
    <ClCompile Include="src\host\Account.cpp">
      <Filter>Source Files</Filter>
    </ClCompile>
    <ClCompile Include="src\host\Accounts.cpp">
      <Filter>Source Files</Filter>
    </ClCompile>
    <ClCompile Include="src\host\Beanstalk.cpp">
      <Filter>Source Files</Filter>
    </ClCompile>
    <ClCompile Include="src\host\Bitbucket.cpp">
      <Filter>Source Files</Filter>
    </ClCompile>
    <ClCompile Include="src\host\GitHub.cpp">
      <Filter>Source Files</Filter>
    </ClCompile>
    <ClCompile Include="src\host\GitLab.cpp">
      <Filter>Source Files</Filter>
    </ClCompile>
    <ClCompile Include="src\host\Repository.cpp">
      <Filter>Source Files</Filter>
    </ClCompile>
    <ClCompile Include="src\index\GenericLexer.cpp">
      <Filter>Source Files</Filter>
    </ClCompile>
    <ClCompile Include="src\index\Index.cpp">
      <Filter>Source Files</Filter>
    </ClCompile>
    <ClCompile Include="src\index\index_test.cpp">
      <Filter>Source Files</Filter>
    </ClCompile>
    <ClCompile Include="src\index\indexer.cpp">
      <Filter>Source Files</Filter>
    </ClCompile>
    <ClCompile Include="src\index\IndexModel.cpp">
      <Filter>Source Files</Filter>
    </ClCompile>
    <ClCompile Include="src\index\Lexer.cpp">
      <Filter>Source Files</Filter>
    </ClCompile>
    <ClCompile Include="src\index\lexer_test.cpp">
      <Filter>Source Files</Filter>
    </ClCompile>
    <ClCompile Include="src\index\LPegLexer.cpp">
      <Filter>Source Files</Filter>
    </ClCompile>
    <ClCompile Include="src\index\Query.cpp">
      <Filter>Source Files</Filter>
    </ClCompile>
    <ClCompile Include="src\log\LogDelegate.cpp">
      <Filter>Source Files</Filter>
    </ClCompile>
    <ClCompile Include="src\log\LogEntry.cpp">
      <Filter>Source Files</Filter>
    </ClCompile>
    <ClCompile Include="src\log\LogModel.cpp">
      <Filter>Source Files</Filter>
    </ClCompile>
    <ClCompile Include="src\log\LogView.cpp">
      <Filter>Source Files</Filter>
    </ClCompile>
    <ClCompile Include="src\plugins\Plugin.cpp">
      <Filter>Source Files</Filter>
    </ClCompile>
    <ClCompile Include="src\tools\DiffTool.cpp">
      <Filter>Source Files</Filter>
    </ClCompile>
    <ClCompile Include="src\tools\EditTool.cpp">
      <Filter>Source Files</Filter>
    </ClCompile>
    <ClCompile Include="src\tools\ExternalTool.cpp">
      <Filter>Source Files</Filter>
    </ClCompile>
    <ClCompile Include="src\tools\MergeTool.cpp">
      <Filter>Source Files</Filter>
    </ClCompile>
    <ClCompile Include="src\tools\ShowTool.cpp">
      <Filter>Source Files</Filter>
    </ClCompile>
    <ClCompile Include="src\ui\AdvancedSearchWidget.cpp">
      <Filter>Source Files</Filter>
    </ClCompile>
    <ClCompile Include="src\ui\Badge.cpp">
      <Filter>Source Files</Filter>
    </ClCompile>
    <ClCompile Include="src\ui\BlameEditor.cpp">
      <Filter>Source Files</Filter>
    </ClCompile>
    <ClCompile Include="src\ui\BlameMargin.cpp">
      <Filter>Source Files</Filter>
    </ClCompile>
    <ClCompile Include="src\ui\ColumnView.cpp">
      <Filter>Source Files</Filter>
    </ClCompile>
    <ClCompile Include="src\ui\CommitList.cpp">
      <Filter>Source Files</Filter>
    </ClCompile>
    <ClCompile Include="src\ui\CommitToolBar.cpp">
      <Filter>Source Files</Filter>
    </ClCompile>
    <ClCompile Include="src\ui\ContextMenuButton.cpp">
      <Filter>Source Files</Filter>
    </ClCompile>
    <ClCompile Include="src\ui\DetailView.cpp">
      <Filter>Source Files</Filter>
    </ClCompile>
    <ClCompile Include="src\ui\DiffView.cpp">
      <Filter>Source Files</Filter>
    </ClCompile>
    <ClCompile Include="src\ui\DiffWidget.cpp">
      <Filter>Source Files</Filter>
    </ClCompile>
    <ClCompile Include="src\ui\EditorWindow.cpp">
      <Filter>Source Files</Filter>
    </ClCompile>
    <ClCompile Include="src\ui\ExpandButton.cpp">
      <Filter>Source Files</Filter>
    </ClCompile>
    <ClCompile Include="src\ui\FileContextMenu.cpp">
      <Filter>Source Files</Filter>
    </ClCompile>
    <ClCompile Include="src\ui\FileList.cpp">
      <Filter>Source Files</Filter>
    </ClCompile>
    <ClCompile Include="src\ui\FindWidget.cpp">
      <Filter>Source Files</Filter>
    </ClCompile>
    <ClCompile Include="src\ui\Footer.cpp">
      <Filter>Source Files</Filter>
    </ClCompile>
    <ClCompile Include="src\ui\History.cpp">
      <Filter>Source Files</Filter>
    </ClCompile>
    <ClCompile Include="src\ui\IndexCompleter.cpp">
      <Filter>Source Files</Filter>
    </ClCompile>
    <ClCompile Include="src\ui\Location.cpp">
      <Filter>Source Files</Filter>
    </ClCompile>
    <ClCompile Include="src\ui\MainWindow.cpp">
      <Filter>Source Files</Filter>
    </ClCompile>
    <ClCompile Include="src\ui\MenuBar.cpp">
      <Filter>Source Files</Filter>
    </ClCompile>
    <ClCompile Include="src\ui\PathspecWidget.cpp">
      <Filter>Source Files</Filter>
    </ClCompile>
    <ClCompile Include="src\ui\ProgressIndicator.cpp">
      <Filter>Source Files</Filter>
    </ClCompile>
    <ClCompile Include="src\ui\ReferenceList.cpp">
      <Filter>Source Files</Filter>
    </ClCompile>
    <ClCompile Include="src\ui\ReferenceView.cpp">
      <Filter>Source Files</Filter>
    </ClCompile>
    <ClCompile Include="src\ui\ReferenceWidget.cpp">
      <Filter>Source Files</Filter>
    </ClCompile>
    <ClCompile Include="src\ui\RemoteCallbacks.cpp">
      <Filter>Source Files</Filter>
    </ClCompile>
    <ClCompile Include="src\ui\RepoView.cpp">
      <Filter>Source Files</Filter>
    </ClCompile>
    <ClCompile Include="src\ui\SearchField.cpp">
      <Filter>Source Files</Filter>
    </ClCompile>
    <ClCompile Include="src\ui\SideBar.cpp">
      <Filter>Source Files</Filter>
    </ClCompile>
    <ClCompile Include="src\ui\TabBar.cpp">
      <Filter>Source Files</Filter>
    </ClCompile>
    <ClCompile Include="src\ui\TabWidget.cpp">
      <Filter>Source Files</Filter>
    </ClCompile>
    <ClCompile Include="src\ui\ToolBar.cpp">
      <Filter>Source Files</Filter>
    </ClCompile>
    <ClCompile Include="src\ui\TreeModel.cpp">
      <Filter>Source Files</Filter>
    </ClCompile>
    <ClCompile Include="src\ui\TreeWidget.cpp">
      <Filter>Source Files</Filter>
    </ClCompile>
    <ClCompile Include="src\update\DownloadDialog.cpp">
      <Filter>Source Files</Filter>
    </ClCompile>
    <ClCompile Include="src\update\relauncher.cpp">
      <Filter>Source Files</Filter>
    </ClCompile>
    <ClCompile Include="src\update\UpdateDialog.cpp">
      <Filter>Source Files</Filter>
    </ClCompile>
    <ClCompile Include="src\update\Updater.cpp">
      <Filter>Source Files</Filter>
    </ClCompile>
    <ClCompile Include="src\update\Updater_win.cpp">
      <Filter>Source Files</Filter>
    </ClCompile>
    <ClCompile Include="src\update\UpToDateDialog.cpp">
      <Filter>Source Files</Filter>
    </ClCompile>
    <ClCompile Include="src\watcher\RepositoryWatcher.cpp">
      <Filter>Source Files</Filter>
    </ClCompile>
    <ClCompile Include="src\watcher\RepositoryWatcher_linux.cpp">
      <Filter>Source Files</Filter>
    </ClCompile>
    <ClCompile Include="src\watcher\RepositoryWatcher_mac.cpp">
      <Filter>Source Files</Filter>
    </ClCompile>
    <ClCompile Include="src\watcher\RepositoryWatcher_win.cpp">
      <Filter>Source Files</Filter>
    </ClCompile>
    <ClCompile Include="test\bare_repo.cpp">
      <Filter>Source Files</Filter>
    </ClCompile>
    <ClCompile Include="test\branches_panel.cpp">
      <Filter>Source Files</Filter>
    </ClCompile>
    <ClCompile Include="test\config.cpp">
      <Filter>Source Files</Filter>
    </ClCompile>
    <ClCompile Include="test\editor.cpp">
      <Filter>Source Files</Filter>
    </ClCompile>
    <ClCompile Include="test\external_tools_dialog.cpp">
      <Filter>Source Files</Filter>
    </ClCompile>
    <ClCompile Include="test\index.cpp">
      <Filter>Source Files</Filter>
    </ClCompile>
    <ClCompile Include="test\init_repo.cpp">
      <Filter>Source Files</Filter>
    </ClCompile>
    <ClCompile Include="test\line_endings.cpp">
      <Filter>Source Files</Filter>
    </ClCompile>
    <ClCompile Include="test\log.cpp">
      <Filter>Source Files</Filter>
    </ClCompile>
    <ClCompile Include="test\main_window.cpp">
      <Filter>Source Files</Filter>
    </ClCompile>
    <ClCompile Include="test\merge.cpp">
      <Filter>Source Files</Filter>
    </ClCompile>
    <ClCompile Include="test\new_branch_dialog.cpp">
      <Filter>Source Files</Filter>
    </ClCompile>
    <ClCompile Include="test\sample.cpp">
      <Filter>Source Files</Filter>
    </ClCompile>
    <ClCompile Include="test\sanity.cpp">
      <Filter>Source Files</Filter>
    </ClCompile>
    <ClCompile Include="test\Test.cpp">
      <Filter>Source Files</Filter>
    </ClCompile>
  </ItemGroup>
  <ItemGroup>
    <ClInclude Include="dep\lpeg\lpeg-1.0.1\lpcap.h">
      <Filter>Header Files</Filter>
    </ClInclude>
    <ClInclude Include="dep\lpeg\lpeg-1.0.1\lpcode.h">
      <Filter>Header Files</Filter>
    </ClInclude>
    <ClInclude Include="dep\lpeg\lpeg-1.0.1\lpprint.h">
      <Filter>Header Files</Filter>
    </ClInclude>
    <ClInclude Include="dep\lpeg\lpeg-1.0.1\lptree.h">
      <Filter>Header Files</Filter>
    </ClInclude>
    <ClInclude Include="dep\lpeg\lpeg-1.0.1\lptypes.h">
      <Filter>Header Files</Filter>
    </ClInclude>
    <ClInclude Include="dep\lpeg\lpeg-1.0.1\lpvm.h">
      <Filter>Header Files</Filter>
    </ClInclude>
    <ClInclude Include="dep\lua\lua-5.3.4\src\lapi.h">
      <Filter>Header Files</Filter>
    </ClInclude>
    <ClInclude Include="dep\lua\lua-5.3.4\src\lauxlib.h">
      <Filter>Header Files</Filter>
    </ClInclude>
    <ClInclude Include="dep\lua\lua-5.3.4\src\lcode.h">
      <Filter>Header Files</Filter>
    </ClInclude>
    <ClInclude Include="dep\lua\lua-5.3.4\src\lctype.h">
      <Filter>Header Files</Filter>
    </ClInclude>
    <ClInclude Include="dep\lua\lua-5.3.4\src\ldebug.h">
      <Filter>Header Files</Filter>
    </ClInclude>
    <ClInclude Include="dep\lua\lua-5.3.4\src\ldo.h">
      <Filter>Header Files</Filter>
    </ClInclude>
    <ClInclude Include="dep\lua\lua-5.3.4\src\lfunc.h">
      <Filter>Header Files</Filter>
    </ClInclude>
    <ClInclude Include="dep\lua\lua-5.3.4\src\lgc.h">
      <Filter>Header Files</Filter>
    </ClInclude>
    <ClInclude Include="dep\lua\lua-5.3.4\src\llex.h">
      <Filter>Header Files</Filter>
    </ClInclude>
    <ClInclude Include="dep\lua\lua-5.3.4\src\llimits.h">
      <Filter>Header Files</Filter>
    </ClInclude>
    <ClInclude Include="dep\lua\lua-5.3.4\src\lmem.h">
      <Filter>Header Files</Filter>
    </ClInclude>
    <ClInclude Include="dep\lua\lua-5.3.4\src\lobject.h">
      <Filter>Header Files</Filter>
    </ClInclude>
    <ClInclude Include="dep\lua\lua-5.3.4\src\lopcodes.h">
      <Filter>Header Files</Filter>
    </ClInclude>
    <ClInclude Include="dep\lua\lua-5.3.4\src\lparser.h">
      <Filter>Header Files</Filter>
    </ClInclude>
    <ClInclude Include="dep\lua\lua-5.3.4\src\lprefix.h">
      <Filter>Header Files</Filter>
    </ClInclude>
    <ClInclude Include="dep\lua\lua-5.3.4\src\lstate.h">
      <Filter>Header Files</Filter>
    </ClInclude>
    <ClInclude Include="dep\lua\lua-5.3.4\src\lstring.h">
      <Filter>Header Files</Filter>
    </ClInclude>
    <ClInclude Include="dep\lua\lua-5.3.4\src\ltable.h">
      <Filter>Header Files</Filter>
    </ClInclude>
    <ClInclude Include="dep\lua\lua-5.3.4\src\ltm.h">
      <Filter>Header Files</Filter>
    </ClInclude>
    <ClInclude Include="dep\lua\lua-5.3.4\src\lua.h">
      <Filter>Header Files</Filter>
    </ClInclude>
    <ClInclude Include="dep\lua\lua-5.3.4\src\lua.hpp">
      <Filter>Header Files</Filter>
    </ClInclude>
    <ClInclude Include="dep\lua\lua-5.3.4\src\luaconf.h">
      <Filter>Header Files</Filter>
    </ClInclude>
    <ClInclude Include="dep\lua\lua-5.3.4\src\lualib.h">
      <Filter>Header Files</Filter>
    </ClInclude>
    <ClInclude Include="dep\lua\lua-5.3.4\src\lundump.h">
      <Filter>Header Files</Filter>
    </ClInclude>
    <ClInclude Include="dep\lua\lua-5.3.4\src\lvm.h">
      <Filter>Header Files</Filter>
    </ClInclude>
    <ClInclude Include="dep\lua\lua-5.3.4\src\lzio.h">
      <Filter>Header Files</Filter>
    </ClInclude>
    <ClInclude Include="dep\scintilla\scintilla-3.10.6\cocoa\ScintillaTest\AppController.h">
      <Filter>Header Files</Filter>
    </ClInclude>
    <ClInclude Include="dep\scintilla\scintilla-3.10.6\cocoa\InfoBar.h">
      <Filter>Header Files</Filter>
    </ClInclude>
    <ClInclude Include="dep\scintilla\scintilla-3.10.6\cocoa\InfoBarCommunicator.h">
      <Filter>Header Files</Filter>
    </ClInclude>
    <ClInclude Include="dep\scintilla\scintilla-3.10.6\cocoa\PlatCocoa.h">
      <Filter>Header Files</Filter>
    </ClInclude>
    <ClInclude Include="dep\scintilla\scintilla-3.10.6\cocoa\QuartzTextLayout.h">
      <Filter>Header Files</Filter>
    </ClInclude>
    <ClInclude Include="dep\scintilla\scintilla-3.10.6\cocoa\QuartzTextStyle.h">
      <Filter>Header Files</Filter>
    </ClInclude>
    <ClInclude Include="dep\scintilla\scintilla-3.10.6\cocoa\QuartzTextStyleAttribute.h">
      <Filter>Header Files</Filter>
    </ClInclude>
    <ClInclude Include="dep\scintilla\scintilla-3.10.6\cocoa\ScintillaCocoa.h">
      <Filter>Header Files</Filter>
    </ClInclude>
    <ClInclude Include="dep\scintilla\scintilla-3.10.6\cocoa\ScintillaView.h">
      <Filter>Header Files</Filter>
    </ClInclude>
    <ClInclude Include="dep\scintilla\scintilla-3.10.6\curses\ScintillaCurses.h">
      <Filter>Header Files</Filter>
    </ClInclude>
    <ClInclude Include="dep\scintilla\scintilla-3.10.6\gtk\Converter.h">
      <Filter>Header Files</Filter>
    </ClInclude>
    <ClInclude Include="dep\scintilla\scintilla-3.10.6\gtk\ScintillaGTK.h">
      <Filter>Header Files</Filter>
    </ClInclude>
    <ClInclude Include="dep\scintilla\scintilla-3.10.6\gtk\ScintillaGTKAccessible.h">
      <Filter>Header Files</Filter>
    </ClInclude>
    <ClInclude Include="dep\scintilla\scintilla-3.10.6\gtk\scintilla-marshal.h">
      <Filter>Header Files</Filter>
    </ClInclude>
    <ClInclude Include="dep\scintilla\scintilla-3.10.6\include\ILexer.h">
      <Filter>Header Files</Filter>
    </ClInclude>
    <ClInclude Include="dep\scintilla\scintilla-3.10.6\include\ILoader.h">
      <Filter>Header Files</Filter>
    </ClInclude>
    <ClInclude Include="dep\scintilla\scintilla-3.10.6\include\Platform.h">
      <Filter>Header Files</Filter>
    </ClInclude>
    <ClInclude Include="dep\scintilla\scintilla-3.10.6\include\Sci_Position.h">
      <Filter>Header Files</Filter>
    </ClInclude>
    <ClInclude Include="dep\scintilla\scintilla-3.10.6\include\SciLexer.h">
      <Filter>Header Files</Filter>
    </ClInclude>
    <ClInclude Include="dep\scintilla\scintilla-3.10.6\include\Scintilla.h">
      <Filter>Header Files</Filter>
    </ClInclude>
    <ClInclude Include="dep\scintilla\scintilla-3.10.6\include\ScintillaWidget.h">
      <Filter>Header Files</Filter>
    </ClInclude>
    <ClInclude Include="dep\scintilla\scintilla-3.10.6\lexlib\Accessor.h">
      <Filter>Header Files</Filter>
    </ClInclude>
    <ClInclude Include="dep\scintilla\scintilla-3.10.6\lexlib\CharacterCategory.h">
      <Filter>Header Files</Filter>
    </ClInclude>
    <ClInclude Include="dep\scintilla\scintilla-3.10.6\lexlib\CharacterSet.h">
      <Filter>Header Files</Filter>
    </ClInclude>
    <ClInclude Include="dep\scintilla\scintilla-3.10.6\lexlib\DefaultLexer.h">
      <Filter>Header Files</Filter>
    </ClInclude>
    <ClInclude Include="dep\scintilla\scintilla-3.10.6\lexlib\LexAccessor.h">
      <Filter>Header Files</Filter>
    </ClInclude>
    <ClInclude Include="dep\scintilla\scintilla-3.10.6\lexlib\LexerBase.h">
      <Filter>Header Files</Filter>
    </ClInclude>
    <ClInclude Include="dep\scintilla\scintilla-3.10.6\lexlib\LexerModule.h">
      <Filter>Header Files</Filter>
    </ClInclude>
    <ClInclude Include="dep\scintilla\scintilla-3.10.6\lexlib\LexerNoExceptions.h">
      <Filter>Header Files</Filter>
    </ClInclude>
    <ClInclude Include="dep\scintilla\scintilla-3.10.6\lexlib\LexerSimple.h">
      <Filter>Header Files</Filter>
    </ClInclude>
    <ClInclude Include="dep\scintilla\scintilla-3.10.6\lexlib\OptionSet.h">
      <Filter>Header Files</Filter>
    </ClInclude>
    <ClInclude Include="dep\scintilla\scintilla-3.10.6\lexlib\PropSetSimple.h">
      <Filter>Header Files</Filter>
    </ClInclude>
    <ClInclude Include="dep\scintilla\scintilla-3.10.6\lexlib\SparseState.h">
      <Filter>Header Files</Filter>
    </ClInclude>
    <ClInclude Include="dep\scintilla\scintilla-3.10.6\lexlib\StringCopy.h">
      <Filter>Header Files</Filter>
    </ClInclude>
    <ClInclude Include="dep\scintilla\scintilla-3.10.6\lexlib\StyleContext.h">
      <Filter>Header Files</Filter>
    </ClInclude>
    <ClInclude Include="dep\scintilla\scintilla-3.10.6\lexlib\SubStyles.h">
      <Filter>Header Files</Filter>
    </ClInclude>
    <ClInclude Include="dep\scintilla\scintilla-3.10.6\lexlib\WordList.h">
      <Filter>Header Files</Filter>
    </ClInclude>
    <ClInclude Include="dep\scintilla\scintilla-3.10.6\lua\src\lapi.h">
      <Filter>Header Files</Filter>
    </ClInclude>
    <ClInclude Include="dep\scintilla\scintilla-3.10.6\lua\src\lauxlib.h">
      <Filter>Header Files</Filter>
    </ClInclude>
    <ClInclude Include="dep\scintilla\scintilla-3.10.6\lua\src\lcode.h">
      <Filter>Header Files</Filter>
    </ClInclude>
    <ClInclude Include="dep\scintilla\scintilla-3.10.6\lua\src\lctype.h">
      <Filter>Header Files</Filter>
    </ClInclude>
    <ClInclude Include="dep\scintilla\scintilla-3.10.6\lua\src\ldebug.h">
      <Filter>Header Files</Filter>
    </ClInclude>
    <ClInclude Include="dep\scintilla\scintilla-3.10.6\lua\src\ldo.h">
      <Filter>Header Files</Filter>
    </ClInclude>
    <ClInclude Include="dep\scintilla\scintilla-3.10.6\lua\src\lfunc.h">
      <Filter>Header Files</Filter>
    </ClInclude>
    <ClInclude Include="dep\scintilla\scintilla-3.10.6\lua\src\lgc.h">
      <Filter>Header Files</Filter>
    </ClInclude>
    <ClInclude Include="dep\scintilla\scintilla-3.10.6\lua\src\llex.h">
      <Filter>Header Files</Filter>
    </ClInclude>
    <ClInclude Include="dep\scintilla\scintilla-3.10.6\lua\src\llimits.h">
      <Filter>Header Files</Filter>
    </ClInclude>
    <ClInclude Include="dep\scintilla\scintilla-3.10.6\lua\src\lmem.h">
      <Filter>Header Files</Filter>
    </ClInclude>
    <ClInclude Include="dep\scintilla\scintilla-3.10.6\lua\src\lobject.h">
      <Filter>Header Files</Filter>
    </ClInclude>
    <ClInclude Include="dep\scintilla\scintilla-3.10.6\lua\src\lopcodes.h">
      <Filter>Header Files</Filter>
    </ClInclude>
    <ClInclude Include="dep\scintilla\scintilla-3.10.6\lua\src\lparser.h">
      <Filter>Header Files</Filter>
    </ClInclude>
    <ClInclude Include="dep\scintilla\scintilla-3.10.6\lua\src\lpcap.h">
      <Filter>Header Files</Filter>
    </ClInclude>
    <ClInclude Include="dep\scintilla\scintilla-3.10.6\lua\src\lpcode.h">
      <Filter>Header Files</Filter>
    </ClInclude>
    <ClInclude Include="dep\scintilla\scintilla-3.10.6\lua\src\lpprint.h">
      <Filter>Header Files</Filter>
    </ClInclude>
    <ClInclude Include="dep\scintilla\scintilla-3.10.6\lua\src\lprefix.h">
      <Filter>Header Files</Filter>
    </ClInclude>
    <ClInclude Include="dep\scintilla\scintilla-3.10.6\lua\src\lptree.h">
      <Filter>Header Files</Filter>
    </ClInclude>
    <ClInclude Include="dep\scintilla\scintilla-3.10.6\lua\src\lptypes.h">
      <Filter>Header Files</Filter>
    </ClInclude>
    <ClInclude Include="dep\scintilla\scintilla-3.10.6\lua\src\lpvm.h">
      <Filter>Header Files</Filter>
    </ClInclude>
    <ClInclude Include="dep\scintilla\scintilla-3.10.6\lua\src\lstate.h">
      <Filter>Header Files</Filter>
    </ClInclude>
    <ClInclude Include="dep\scintilla\scintilla-3.10.6\lua\src\lstring.h">
      <Filter>Header Files</Filter>
    </ClInclude>
    <ClInclude Include="dep\scintilla\scintilla-3.10.6\lua\src\ltable.h">
      <Filter>Header Files</Filter>
    </ClInclude>
    <ClInclude Include="dep\scintilla\scintilla-3.10.6\lua\src\ltm.h">
      <Filter>Header Files</Filter>
    </ClInclude>
    <ClInclude Include="dep\scintilla\scintilla-3.10.6\lua\src\lua.h">
      <Filter>Header Files</Filter>
    </ClInclude>
    <ClInclude Include="dep\scintilla\scintilla-3.10.6\lua\src\lua.hpp">
      <Filter>Header Files</Filter>
    </ClInclude>
    <ClInclude Include="dep\scintilla\scintilla-3.10.6\lua\src\luaconf.h">
      <Filter>Header Files</Filter>
    </ClInclude>
    <ClInclude Include="dep\scintilla\scintilla-3.10.6\lua\src\lualib.h">
      <Filter>Header Files</Filter>
    </ClInclude>
    <ClInclude Include="dep\scintilla\scintilla-3.10.6\lua\src\lundump.h">
      <Filter>Header Files</Filter>
    </ClInclude>
    <ClInclude Include="dep\scintilla\scintilla-3.10.6\lua\src\lvm.h">
      <Filter>Header Files</Filter>
    </ClInclude>
    <ClInclude Include="dep\scintilla\scintilla-3.10.6\lua\src\lzio.h">
      <Filter>Header Files</Filter>
    </ClInclude>
    <ClInclude Include="dep\scintilla\scintilla-3.10.6\qt\ScintillaEdit\ScintillaDocument.h">
      <Filter>Header Files</Filter>
    </ClInclude>
    <ClInclude Include="dep\scintilla\scintilla-3.10.6\qt\ScintillaEditBase\PlatQt.h">
      <Filter>Header Files</Filter>
    </ClInclude>
    <ClInclude Include="dep\scintilla\scintilla-3.10.6\qt\ScintillaEditBase\ScintillaEditBase.h">
      <Filter>Header Files</Filter>
    </ClInclude>
    <ClInclude Include="dep\scintilla\scintilla-3.10.6\qt\ScintillaEditBase\ScintillaQt.h">
      <Filter>Header Files</Filter>
    </ClInclude>
    <ClInclude Include="dep\scintilla\scintilla-3.10.6\qt\ScintillaEditPy\global.h">
      <Filter>Header Files</Filter>
    </ClInclude>
    <ClInclude Include="dep\scintilla\scintilla-3.10.6\src\AutoComplete.h">
      <Filter>Header Files</Filter>
    </ClInclude>
    <ClInclude Include="dep\scintilla\scintilla-3.10.6\src\CallTip.h">
      <Filter>Header Files</Filter>
    </ClInclude>
    <ClInclude Include="dep\scintilla\scintilla-3.10.6\src\CaseConvert.h">
      <Filter>Header Files</Filter>
    </ClInclude>
    <ClInclude Include="dep\scintilla\scintilla-3.10.6\src\CaseFolder.h">
      <Filter>Header Files</Filter>
    </ClInclude>
    <ClInclude Include="dep\scintilla\scintilla-3.10.6\src\Catalogue.h">
      <Filter>Header Files</Filter>
    </ClInclude>
    <ClInclude Include="dep\scintilla\scintilla-3.10.6\src\CellBuffer.h">
      <Filter>Header Files</Filter>
    </ClInclude>
    <ClInclude Include="dep\scintilla\scintilla-3.10.6\src\CharClassify.h">
      <Filter>Header Files</Filter>
    </ClInclude>
    <ClInclude Include="dep\scintilla\scintilla-3.10.6\src\ContractionState.h">
      <Filter>Header Files</Filter>
    </ClInclude>
    <ClInclude Include="dep\scintilla\scintilla-3.10.6\src\DBCS.h">
      <Filter>Header Files</Filter>
    </ClInclude>
    <ClInclude Include="dep\scintilla\scintilla-3.10.6\src\Decoration.h">
      <Filter>Header Files</Filter>
    </ClInclude>
    <ClInclude Include="dep\scintilla\scintilla-3.10.6\src\Document.h">
      <Filter>Header Files</Filter>
    </ClInclude>
    <ClInclude Include="dep\scintilla\scintilla-3.10.6\src\EditModel.h">
      <Filter>Header Files</Filter>
    </ClInclude>
    <ClInclude Include="dep\scintilla\scintilla-3.10.6\src\Editor.h">
      <Filter>Header Files</Filter>
    </ClInclude>
    <ClInclude Include="dep\scintilla\scintilla-3.10.6\src\EditView.h">
      <Filter>Header Files</Filter>
    </ClInclude>
    <ClInclude Include="dep\scintilla\scintilla-3.10.6\src\ElapsedPeriod.h">
      <Filter>Header Files</Filter>
    </ClInclude>
    <ClInclude Include="dep\scintilla\scintilla-3.10.6\src\ExternalLexer.h">
      <Filter>Header Files</Filter>
    </ClInclude>
    <ClInclude Include="dep\scintilla\scintilla-3.10.6\src\FontQuality.h">
      <Filter>Header Files</Filter>
    </ClInclude>
    <ClInclude Include="dep\scintilla\scintilla-3.10.6\src\Indicator.h">
      <Filter>Header Files</Filter>
    </ClInclude>
    <ClInclude Include="dep\scintilla\scintilla-3.10.6\src\IntegerRectangle.h">
      <Filter>Header Files</Filter>
    </ClInclude>
    <ClInclude Include="dep\scintilla\scintilla-3.10.6\src\KeyMap.h">
      <Filter>Header Files</Filter>
    </ClInclude>
    <ClInclude Include="dep\scintilla\scintilla-3.10.6\src\LineMarker.h">
      <Filter>Header Files</Filter>
    </ClInclude>
    <ClInclude Include="dep\scintilla\scintilla-3.10.6\src\MarginView.h">
      <Filter>Header Files</Filter>
    </ClInclude>
    <ClInclude Include="dep\scintilla\scintilla-3.10.6\src\Partitioning.h">
      <Filter>Header Files</Filter>
    </ClInclude>
    <ClInclude Include="dep\scintilla\scintilla-3.10.6\src\PerLine.h">
      <Filter>Header Files</Filter>
    </ClInclude>
    <ClInclude Include="dep\scintilla\scintilla-3.10.6\src\Position.h">
      <Filter>Header Files</Filter>
    </ClInclude>
    <ClInclude Include="dep\scintilla\scintilla-3.10.6\src\PositionCache.h">
      <Filter>Header Files</Filter>
    </ClInclude>
    <ClInclude Include="dep\scintilla\scintilla-3.10.6\src\RESearch.h">
      <Filter>Header Files</Filter>
    </ClInclude>
    <ClInclude Include="dep\scintilla\scintilla-3.10.6\src\RunStyles.h">
      <Filter>Header Files</Filter>
    </ClInclude>
    <ClInclude Include="dep\scintilla\scintilla-3.10.6\src\ScintillaBase.h">
      <Filter>Header Files</Filter>
    </ClInclude>
    <ClInclude Include="dep\scintilla\scintilla-3.10.6\src\Selection.h">
      <Filter>Header Files</Filter>
    </ClInclude>
    <ClInclude Include="dep\scintilla\scintilla-3.10.6\src\SparseVector.h">
      <Filter>Header Files</Filter>
    </ClInclude>
    <ClInclude Include="dep\scintilla\scintilla-3.10.6\src\SplitVector.h">
      <Filter>Header Files</Filter>
    </ClInclude>
    <ClInclude Include="dep\scintilla\scintilla-3.10.6\src\Style.h">
      <Filter>Header Files</Filter>
    </ClInclude>
    <ClInclude Include="dep\scintilla\scintilla-3.10.6\src\UniConversion.h">
      <Filter>Header Files</Filter>
    </ClInclude>
    <ClInclude Include="dep\scintilla\scintilla-3.10.6\src\UniqueString.h">
      <Filter>Header Files</Filter>
    </ClInclude>
    <ClInclude Include="dep\scintilla\scintilla-3.10.6\src\ViewStyle.h">
      <Filter>Header Files</Filter>
    </ClInclude>
    <ClInclude Include="dep\scintilla\scintilla-3.10.6\src\XPM.h">
      <Filter>Header Files</Filter>
    </ClInclude>
    <ClInclude Include="dep\scintilla\scintilla-3.10.6\test\unit\catch.hpp">
      <Filter>Header Files</Filter>
    </ClInclude>
    <ClInclude Include="dep\scintilla\scintilla-3.10.6\win32\HanjaDic.h">
      <Filter>Header Files</Filter>
    </ClInclude>
    <ClInclude Include="dep\scintilla\scintilla-3.10.6\win32\PlatWin.h">
      <Filter>Header Files</Filter>
    </ClInclude>
    <ClInclude Include="dep\scintilla\scintilla-3.10.6\win32\ScintillaWin.h">
      <Filter>Header Files</Filter>
    </ClInclude>
    <ClInclude Include="src\app\Application.h">
      <Filter>Header Files</Filter>
    </ClInclude>
    <ClInclude Include="src\app\CustomTheme.h">
      <Filter>Header Files</Filter>
    </ClInclude>
    <ClInclude Include="src\app\Theme.h">
      <Filter>Header Files</Filter>
    </ClInclude>
    <ClInclude Include="src\cli\Installer.h">
      <Filter>Header Files</Filter>
    </ClInclude>
    <ClInclude Include="src\conf\ConfFile.h">
      <Filter>Header Files</Filter>
    </ClInclude>
    <ClInclude Include="src\conf\RecentRepositories.h">
      <Filter>Header Files</Filter>
    </ClInclude>
    <ClInclude Include="src\conf\RecentRepository.h">
      <Filter>Header Files</Filter>
    </ClInclude>
    <ClInclude Include="src\conf\Settings.h">
      <Filter>Header Files</Filter>
    </ClInclude>
    <ClInclude Include="src\cred\Cache.h">
      <Filter>Header Files</Filter>
    </ClInclude>
    <ClInclude Include="src\cred\CredentialHelper.h">
      <Filter>Header Files</Filter>
    </ClInclude>
    <ClInclude Include="src\cred\GitCredential.h">
      <Filter>Header Files</Filter>
    </ClInclude>
    <ClInclude Include="src\cred\WinCred.h">
      <Filter>Header Files</Filter>
    </ClInclude>
    <ClInclude Include="src\dialogs\AboutDialog.h">
      <Filter>Header Files</Filter>
    </ClInclude>
    <ClInclude Include="src\dialogs\AccountDialog.h">
      <Filter>Header Files</Filter>
    </ClInclude>
    <ClInclude Include="src\dialogs\AddRemoteDialog.h">
      <Filter>Header Files</Filter>
    </ClInclude>
    <ClInclude Include="src\dialogs\BranchDelegate.h">
      <Filter>Header Files</Filter>
    </ClInclude>
    <ClInclude Include="src\dialogs\BranchTableModel.h">
      <Filter>Header Files</Filter>
    </ClInclude>
    <ClInclude Include="src\dialogs\CheckoutDialog.h">
      <Filter>Header Files</Filter>
    </ClInclude>
    <ClInclude Include="src\dialogs\CloneDialog.h">
      <Filter>Header Files</Filter>
    </ClInclude>
    <ClInclude Include="src\dialogs\CommitDialog.h">
      <Filter>Header Files</Filter>
    </ClInclude>
    <ClInclude Include="src\dialogs\ConfigDialog.h">
      <Filter>Header Files</Filter>
    </ClInclude>
    <ClInclude Include="src\dialogs\DeleteBranchDialog.h">
      <Filter>Header Files</Filter>
    </ClInclude>
    <ClInclude Include="src\dialogs\DeleteTagDialog.h">
      <Filter>Header Files</Filter>
    </ClInclude>
    <ClInclude Include="src\dialogs\DiffPanel.h">
      <Filter>Header Files</Filter>
    </ClInclude>
    <ClInclude Include="src\dialogs\ExternalToolsDialog.h">
      <Filter>Header Files</Filter>
    </ClInclude>
    <ClInclude Include="src\dialogs\ExternalToolsModel.h">
      <Filter>Header Files</Filter>
    </ClInclude>
    <ClInclude Include="src\dialogs\IconLabel.h">
      <Filter>Header Files</Filter>
    </ClInclude>
    <ClInclude Include="src\dialogs\MergeDialog.h">
      <Filter>Header Files</Filter>
    </ClInclude>
    <ClInclude Include="src\dialogs\NewBranchDialog.h">
      <Filter>Header Files</Filter>
    </ClInclude>
    <ClInclude Include="src\dialogs\PluginsPanel.h">
      <Filter>Header Files</Filter>
    </ClInclude>
    <ClInclude Include="src\dialogs\PullRequestDialog.h">
      <Filter>Header Files</Filter>
    </ClInclude>
    <ClInclude Include="src\dialogs\RemoteDialog.h">
      <Filter>Header Files</Filter>
    </ClInclude>
    <ClInclude Include="src\dialogs\RemoteTableModel.h">
      <Filter>Header Files</Filter>
    </ClInclude>
    <ClInclude Include="src\dialogs\SettingsDialog.h">
      <Filter>Header Files</Filter>
    </ClInclude>
    <ClInclude Include="src\dialogs\StartDialog.h">
      <Filter>Header Files</Filter>
    </ClInclude>
    <ClInclude Include="src\dialogs\SubmoduleDelegate.h">
      <Filter>Header Files</Filter>
    </ClInclude>
    <ClInclude Include="src\dialogs\SubmoduleTableModel.h">
      <Filter>Header Files</Filter>
    </ClInclude>
    <ClInclude Include="src\dialogs\TagDialog.h">
      <Filter>Header Files</Filter>
    </ClInclude>
    <ClInclude Include="src\dialogs\ThemeDialog.h">
      <Filter>Header Files</Filter>
    </ClInclude>
    <ClInclude Include="src\dialogs\UpdateSubmodulesDialog.h">
      <Filter>Header Files</Filter>
    </ClInclude>
    <ClInclude Include="src\editor\PlatQt.h">
      <Filter>Header Files</Filter>
    </ClInclude>
    <ClInclude Include="src\editor\ScintillaIFace.h">
      <Filter>Header Files</Filter>
    </ClInclude>
    <ClInclude Include="src\editor\ScintillaQt.h">
      <Filter>Header Files</Filter>
    </ClInclude>
    <ClInclude Include="src\editor\TextEditor.h">
      <Filter>Header Files</Filter>
    </ClInclude>
    <ClInclude Include="src\git\AnnotatedCommit.h">
      <Filter>Header Files</Filter>
    </ClInclude>
    <ClInclude Include="src\git\Blame.h">
      <Filter>Header Files</Filter>
    </ClInclude>
    <ClInclude Include="src\git\Blob.h">
      <Filter>Header Files</Filter>
    </ClInclude>
    <ClInclude Include="src\git\Branch.h">
      <Filter>Header Files</Filter>
    </ClInclude>
    <ClInclude Include="src\git\Buffer.h">
      <Filter>Header Files</Filter>
    </ClInclude>
    <ClInclude Include="src\git\Command.h">
      <Filter>Header Files</Filter>
    </ClInclude>
    <ClInclude Include="src\git\Commit.h">
      <Filter>Header Files</Filter>
    </ClInclude>
    <ClInclude Include="src\git\Config.h">
      <Filter>Header Files</Filter>
    </ClInclude>
    <ClInclude Include="src\git\Diff.h">
      <Filter>Header Files</Filter>
    </ClInclude>
    <ClInclude Include="src\git\Filter.h">
      <Filter>Header Files</Filter>
    </ClInclude>
    <ClInclude Include="src\git\FilterList.h">
      <Filter>Header Files</Filter>
    </ClInclude>
    <ClInclude Include="src\git\Id.h">
      <Filter>Header Files</Filter>
    </ClInclude>
    <ClInclude Include="src\git\Index.h">
      <Filter>Header Files</Filter>
    </ClInclude>
    <ClInclude Include="src\git\Object.h">
      <Filter>Header Files</Filter>
    </ClInclude>
    <ClInclude Include="src\git\Patch.h">
      <Filter>Header Files</Filter>
    </ClInclude>
    <ClInclude Include="src\git\Rebase.h">
      <Filter>Header Files</Filter>
    </ClInclude>
    <ClInclude Include="src\git\Reference.h">
      <Filter>Header Files</Filter>
    </ClInclude>
    <ClInclude Include="src\git\Remote.h">
      <Filter>Header Files</Filter>
    </ClInclude>
    <ClInclude Include="src\git\Repository.h">
      <Filter>Header Files</Filter>
    </ClInclude>
    <ClInclude Include="src\git\Result.h">
      <Filter>Header Files</Filter>
    </ClInclude>
    <ClInclude Include="src\git\RevWalk.h">
      <Filter>Header Files</Filter>
    </ClInclude>
    <ClInclude Include="src\git\Signature.h">
      <Filter>Header Files</Filter>
    </ClInclude>
    <ClInclude Include="src\git\Submodule.h">
      <Filter>Header Files</Filter>
    </ClInclude>
    <ClInclude Include="src\git\Tag.h">
      <Filter>Header Files</Filter>
    </ClInclude>
    <ClInclude Include="src\git\TagRef.h">
      <Filter>Header Files</Filter>
    </ClInclude>
    <ClInclude Include="src\git\Tree.h">
      <Filter>Header Files</Filter>
    </ClInclude>
    <ClInclude Include="src\host\Account.h">
      <Filter>Header Files</Filter>
    </ClInclude>
    <ClInclude Include="src\host\Accounts.h">
      <Filter>Header Files</Filter>
    </ClInclude>
    <ClInclude Include="src\host\Beanstalk.h">
      <Filter>Header Files</Filter>
    </ClInclude>
    <ClInclude Include="src\host\Bitbucket.h">
      <Filter>Header Files</Filter>
    </ClInclude>
    <ClInclude Include="src\host\GitHub.h">
      <Filter>Header Files</Filter>
    </ClInclude>
    <ClInclude Include="src\host\GitLab.h">
      <Filter>Header Files</Filter>
    </ClInclude>
    <ClInclude Include="src\host\Repository.h">
      <Filter>Header Files</Filter>
    </ClInclude>
    <ClInclude Include="src\index\GenericLexer.h">
      <Filter>Header Files</Filter>
    </ClInclude>
    <ClInclude Include="src\index\Index.h">
      <Filter>Header Files</Filter>
    </ClInclude>
    <ClInclude Include="src\index\IndexModel.h">
      <Filter>Header Files</Filter>
    </ClInclude>
    <ClInclude Include="src\index\Lexer.h">
      <Filter>Header Files</Filter>
    </ClInclude>
    <ClInclude Include="src\index\LPegLexer.h">
      <Filter>Header Files</Filter>
    </ClInclude>
    <ClInclude Include="src\index\Query.h">
      <Filter>Header Files</Filter>
    </ClInclude>
    <ClInclude Include="src\log\LogDelegate.h">
      <Filter>Header Files</Filter>
    </ClInclude>
    <ClInclude Include="src\log\LogEntry.h">
      <Filter>Header Files</Filter>
    </ClInclude>
    <ClInclude Include="src\log\LogModel.h">
      <Filter>Header Files</Filter>
    </ClInclude>
    <ClInclude Include="src\log\LogView.h">
      <Filter>Header Files</Filter>
    </ClInclude>
    <ClInclude Include="src\plugins\Plugin.h">
      <Filter>Header Files</Filter>
    </ClInclude>
    <ClInclude Include="src\tools\DiffTool.h">
      <Filter>Header Files</Filter>
    </ClInclude>
    <ClInclude Include="src\tools\EditTool.h">
      <Filter>Header Files</Filter>
    </ClInclude>
    <ClInclude Include="src\tools\ExternalTool.h">
      <Filter>Header Files</Filter>
    </ClInclude>
    <ClInclude Include="src\tools\MergeTool.h">
      <Filter>Header Files</Filter>
    </ClInclude>
    <ClInclude Include="src\tools\ShowTool.h">
      <Filter>Header Files</Filter>
    </ClInclude>
    <ClInclude Include="src\ui\AdvancedSearchWidget.h">
      <Filter>Header Files</Filter>
    </ClInclude>
    <ClInclude Include="src\ui\Badge.h">
      <Filter>Header Files</Filter>
    </ClInclude>
    <ClInclude Include="src\ui\BlameEditor.h">
      <Filter>Header Files</Filter>
    </ClInclude>
    <ClInclude Include="src\ui\BlameMargin.h">
      <Filter>Header Files</Filter>
    </ClInclude>
    <ClInclude Include="src\ui\ColumnView.h">
      <Filter>Header Files</Filter>
    </ClInclude>
    <ClInclude Include="src\ui\CommitList.h">
      <Filter>Header Files</Filter>
    </ClInclude>
    <ClInclude Include="src\ui\CommitToolBar.h">
      <Filter>Header Files</Filter>
    </ClInclude>
    <ClInclude Include="src\ui\ContextMenuButton.h">
      <Filter>Header Files</Filter>
    </ClInclude>
    <ClInclude Include="src\ui\DetailView.h">
      <Filter>Header Files</Filter>
    </ClInclude>
    <ClInclude Include="src\ui\DiffView.h">
      <Filter>Header Files</Filter>
    </ClInclude>
    <ClInclude Include="src\ui\DiffWidget.h">
      <Filter>Header Files</Filter>
    </ClInclude>
    <ClInclude Include="src\ui\EditorWindow.h">
      <Filter>Header Files</Filter>
    </ClInclude>
    <ClInclude Include="src\ui\ExpandButton.h">
      <Filter>Header Files</Filter>
    </ClInclude>
    <ClInclude Include="src\ui\FileContextMenu.h">
      <Filter>Header Files</Filter>
    </ClInclude>
    <ClInclude Include="src\ui\FileList.h">
      <Filter>Header Files</Filter>
    </ClInclude>
    <ClInclude Include="src\ui\FindWidget.h">
      <Filter>Header Files</Filter>
    </ClInclude>
    <ClInclude Include="src\ui\Footer.h">
      <Filter>Header Files</Filter>
    </ClInclude>
    <ClInclude Include="src\ui\History.h">
      <Filter>Header Files</Filter>
    </ClInclude>
    <ClInclude Include="src\ui\IndexCompleter.h">
      <Filter>Header Files</Filter>
    </ClInclude>
    <ClInclude Include="src\ui\Location.h">
      <Filter>Header Files</Filter>
    </ClInclude>
    <ClInclude Include="src\ui\MainWindow.h">
      <Filter>Header Files</Filter>
    </ClInclude>
    <ClInclude Include="src\ui\MenuBar.h">
      <Filter>Header Files</Filter>
    </ClInclude>
    <ClInclude Include="src\ui\PathspecWidget.h">
      <Filter>Header Files</Filter>
    </ClInclude>
    <ClInclude Include="src\ui\ProgressIndicator.h">
      <Filter>Header Files</Filter>
    </ClInclude>
    <ClInclude Include="src\ui\ReferenceList.h">
      <Filter>Header Files</Filter>
    </ClInclude>
    <ClInclude Include="src\ui\ReferenceView.h">
      <Filter>Header Files</Filter>
    </ClInclude>
    <ClInclude Include="src\ui\ReferenceWidget.h">
      <Filter>Header Files</Filter>
    </ClInclude>
    <ClInclude Include="src\ui\RemoteCallbacks.h">
      <Filter>Header Files</Filter>
    </ClInclude>
    <ClInclude Include="src\ui\RepoView.h">
      <Filter>Header Files</Filter>
    </ClInclude>
    <ClInclude Include="src\ui\SearchField.h">
      <Filter>Header Files</Filter>
    </ClInclude>
    <ClInclude Include="src\ui\SideBar.h">
      <Filter>Header Files</Filter>
    </ClInclude>
    <ClInclude Include="src\ui\TabBar.h">
      <Filter>Header Files</Filter>
    </ClInclude>
    <ClInclude Include="src\ui\TabWidget.h">
      <Filter>Header Files</Filter>
    </ClInclude>
    <ClInclude Include="src\ui\ToolBar.h">
      <Filter>Header Files</Filter>
    </ClInclude>
    <ClInclude Include="src\ui\TreeModel.h">
      <Filter>Header Files</Filter>
    </ClInclude>
    <ClInclude Include="src\ui\TreeWidget.h">
      <Filter>Header Files</Filter>
    </ClInclude>
    <ClInclude Include="src\update\DownloadDialog.h">
      <Filter>Header Files</Filter>
    </ClInclude>
    <ClInclude Include="src\update\UpdateDialog.h">
      <Filter>Header Files</Filter>
    </ClInclude>
    <ClInclude Include="src\update\Updater.h">
      <Filter>Header Files</Filter>
    </ClInclude>
    <ClInclude Include="src\update\UpToDateDialog.h">
      <Filter>Header Files</Filter>
    </ClInclude>
    <ClInclude Include="src\watcher\RepositoryWatcher.h">
      <Filter>Header Files</Filter>
    </ClInclude>
    <ClInclude Include="test\Test.h">
      <Filter>Header Files</Filter>
    </ClInclude>
  </ItemGroup>
  <ItemGroup>
    <ResourceCompile Include="dep\scintilla\scintilla-3.10.6\win32\ScintRes.rc">
      <Filter>Resource Files</Filter>
    </ResourceCompile>
    <ResourceCompile Include="rsrc\GitAhead.rc">
      <Filter>Resource Files</Filter>
    </ResourceCompile>
  </ItemGroup>
</Project>